PODS:
  - MFSideMenu (0.5.5)
  - SDWebImage (3.7.2):
    - SDWebImage/Core (= 3.7.2)
  - SDWebImage/Core (3.7.2)
  - TTTAttributedLabel (1.10.1)

DEPENDENCIES:
  - MFSideMenu
  - SDWebImage (~> 3.7)
  - TTTAttributedLabel (~> 1.10.1)

SPEC CHECKSUMS:
  MFSideMenu: 268122e6894f2747fc3a2b48578100b232506c60
  SDWebImage: 71b7cdc1d1721d6a82ed62889030225f2c249e29
  TTTAttributedLabel: c8f3801a6463b9c9b82b0c84c465fdda9751892a

COCOAPODS: 0.36.1
