// !$*UTF8*$!
{
	archiveVersion = 1;
	classes = {
	};
	objectVersion = 46;
	objects = {

/* Begin PBXBuildFile section */
		3487C5161AFC410E00C8BA90 /* ValidationViewController.swift in Sources */ = {isa = PBXBuildFile; fileRef = 3487C5151AFC410E00C8BA90 /* ValidationViewController.swift */; };
		3487C5181AFC411800C8BA90 /* ValidationViewController.xib in Resources */ = {isa = PBXBuildFile; fileRef = 3487C5171AFC411800C8BA90 /* ValidationViewController.xib */; };
		348E20B01AF97D57003BDB1F /* PhoneNumberViewController.xib in Resources */ = {isa = PBXBuildFile; fileRef = 348E20AF1AF97D57003BDB1F /* PhoneNumberViewController.xib */; };
		348E20B21AF97D7B003BDB1F /* PhoneNumberViewController.swift in Sources */ = {isa = PBXBuildFile; fileRef = 348E20B11AF97D7B003BDB1F /* PhoneNumberViewController.swift */; };
		551BBF8F1B10738B00309C8E /* editViewController.swift in Sources */ = {isa = PBXBuildFile; fileRef = 551BBF8E1B10738B00309C8E /* editViewController.swift */; };
		551BBF911B10739500309C8E /* editViewController.xib in Resources */ = {isa = PBXBuildFile; fileRef = 551BBF901B10739500309C8E /* editViewController.xib */; };
		5548ED1E1AFA9FFB0063F6E4 /* WholeViewController.swift in Sources */ = {isa = PBXBuildFile; fileRef = 5548ED1D1AFA9FFB0063F6E4 /* WholeViewController.swift */; };
		5548ED261AFAA0110063F6E4 /* CatTableViewCell.swift in Sources */ = {isa = PBXBuildFile; fileRef = 5548ED1F1AFAA0110063F6E4 /* CatTableViewCell.swift */; };
		5548ED271AFAA0110063F6E4 /* DateTableViewCell.swift in Sources */ = {isa = PBXBuildFile; fileRef = 5548ED201AFAA0110063F6E4 /* DateTableViewCell.swift */; };
		5548ED281AFAA0110063F6E4 /* DescriptionEventCreationTableViewCell.swift in Sources */ = {isa = PBXBuildFile; fileRef = 5548ED211AFAA0110063F6E4 /* DescriptionEventCreationTableViewCell.swift */; };
		5548ED291AFAA0110063F6E4 /* PrivateEventCreationTableViewCell.swift in Sources */ = {isa = PBXBuildFile; fileRef = 5548ED221AFAA0110063F6E4 /* PrivateEventCreationTableViewCell.swift */; };
		5548ED2A1AFAA0110063F6E4 /* RegEventCreationTableViewCell.swift in Sources */ = {isa = PBXBuildFile; fileRef = 5548ED231AFAA0110063F6E4 /* RegEventCreationTableViewCell.swift */; };
		5548ED2B1AFAA0110063F6E4 /* TimeTableViewCell.swift in Sources */ = {isa = PBXBuildFile; fileRef = 5548ED241AFAA0110063F6E4 /* TimeTableViewCell.swift */; };
		5548ED2C1AFAA0110063F6E4 /* WhereTableViewCell.swift in Sources */ = {isa = PBXBuildFile; fileRef = 5548ED251AFAA0110063F6E4 /* WhereTableViewCell.swift */; };
		5548ED361AFAA0300063F6E4 /* CatTableViewCell.xib in Resources */ = {isa = PBXBuildFile; fileRef = 5548ED2D1AFAA0300063F6E4 /* CatTableViewCell.xib */; };
		5548ED371AFAA0300063F6E4 /* DateTableViewCell.xib in Resources */ = {isa = PBXBuildFile; fileRef = 5548ED2E1AFAA0300063F6E4 /* DateTableViewCell.xib */; };
		5548ED381AFAA0300063F6E4 /* DescriptionEventCreationTableViewCell.xib in Resources */ = {isa = PBXBuildFile; fileRef = 5548ED2F1AFAA0300063F6E4 /* DescriptionEventCreationTableViewCell.xib */; };
		5548ED391AFAA0300063F6E4 /* EventViewController.xib in Resources */ = {isa = PBXBuildFile; fileRef = 5548ED301AFAA0300063F6E4 /* EventViewController.xib */; };
		5548ED3A1AFAA0300063F6E4 /* PrivateEventCreationTableViewCell.xib in Resources */ = {isa = PBXBuildFile; fileRef = 5548ED311AFAA0300063F6E4 /* PrivateEventCreationTableViewCell.xib */; };
		5548ED3B1AFAA0300063F6E4 /* RegEventCreationTableViewCell.xib in Resources */ = {isa = PBXBuildFile; fileRef = 5548ED321AFAA0300063F6E4 /* RegEventCreationTableViewCell.xib */; };
		5548ED3C1AFAA0300063F6E4 /* TimeTableViewCell.xib in Resources */ = {isa = PBXBuildFile; fileRef = 5548ED331AFAA0300063F6E4 /* TimeTableViewCell.xib */; };
		5548ED3D1AFAA0300063F6E4 /* WhereTableViewCell.xib in Resources */ = {isa = PBXBuildFile; fileRef = 5548ED341AFAA0300063F6E4 /* WhereTableViewCell.xib */; };
		5548ED3E1AFAA0300063F6E4 /* WholeViewController.xib in Resources */ = {isa = PBXBuildFile; fileRef = 5548ED351AFAA0300063F6E4 /* WholeViewController.xib */; };
		55571E451AFC1414008AF1C3 /* textviewTableViewCell.xib in Resources */ = {isa = PBXBuildFile; fileRef = 55571E441AFC1414008AF1C3 /* textviewTableViewCell.xib */; };
		55571E471AFC1435008AF1C3 /* textviewTableViewCell.swift in Sources */ = {isa = PBXBuildFile; fileRef = 55571E461AFC1435008AF1C3 /* textviewTableViewCell.swift */; };
		55AF9D101B0531D500AE7216 /* PlacesModel.swift in Sources */ = {isa = PBXBuildFile; fileRef = 55AF9D0F1B0531D500AE7216 /* PlacesModel.swift */; };
		55B3A8271B02F93800614EA8 /* regularCell.xib in Resources */ = {isa = PBXBuildFile; fileRef = 55B3A8261B02F93800614EA8 /* regularCell.xib */; };
		55B3A8291B02F94400614EA8 /* regularCell.swift in Sources */ = {isa = PBXBuildFile; fileRef = 55B3A8281B02F94400614EA8 /* regularCell.swift */; };
		55CA498C1AF9726E0066A7FF /* ButtonCreationEventTableViewCell.swift in Sources */ = {isa = PBXBuildFile; fileRef = 55CA498B1AF9726E0066A7FF /* ButtonCreationEventTableViewCell.swift */; };
		55DF5DD6122682FBBD7A88FD /* libPods-UdderTests.a in Frameworks */ = {isa = PBXBuildFile; fileRef = 16201F752B79D118EE62CB1F /* libPods-UdderTests.a */; };
		9FD7F336EB61C7CC5ACBF799 /* libPods-Udder.a in Frameworks */ = {isa = PBXBuildFile; fileRef = B3B33F21B4DA105929A47308 /* libPods-Udder.a */; };
		A70AAA8D1AF379B900E8B3F9 /* UIColor+Extension.swift in Sources */ = {isa = PBXBuildFile; fileRef = A70AAA8C1AF379B900E8B3F9 /* UIColor+Extension.swift */; };
		A70AAA8F1AF4422400E8B3F9 /* icon-location.png in Resources */ = {isa = PBXBuildFile; fileRef = A70AAA8E1AF4422400E8B3F9 /* icon-location.png */; };
		A70AAA911AF4520F00E8B3F9 /* SeparateTintSegmentedControl.swift in Sources */ = {isa = PBXBuildFile; fileRef = A70AAA901AF4520F00E8B3F9 /* SeparateTintSegmentedControl.swift */; };
		A70AAA931AF48DEE00E8B3F9 /* AF+Date+Extension.swift in Sources */ = {isa = PBXBuildFile; fileRef = A70AAA921AF48DEE00E8B3F9 /* AF+Date+Extension.swift */; };
		A70AAA951AF4929900E8B3F9 /* TimeInfoTableViewCell.xib in Resources */ = {isa = PBXBuildFile; fileRef = A70AAA941AF4929900E8B3F9 /* TimeInfoTableViewCell.xib */; };
		A70AAA971AF4966200E8B3F9 /* TimeInfoTableViewCell.swift in Sources */ = {isa = PBXBuildFile; fileRef = A70AAA961AF4966200E8B3F9 /* TimeInfoTableViewCell.swift */; };
		A70AAA9A1AF49DF500E8B3F9 /* info.png in Resources */ = {isa = PBXBuildFile; fileRef = A70AAA981AF49DF500E8B3F9 /* info.png */; };
		A70AAA9B1AF49DF500E8B3F9 /* people.png in Resources */ = {isa = PBXBuildFile; fileRef = A70AAA991AF49DF500E8B3F9 /* people.png */; };
		A70AAA9D1AF4A6C100E8B3F9 /* EventAttendeesViewControllerProvider.swift in Sources */ = {isa = PBXBuildFile; fileRef = A70AAA9C1AF4A6C100E8B3F9 /* EventAttendeesViewControllerProvider.swift */; };
		A70AAA9F1AF4B33C00E8B3F9 /* EventTableViewControllerProvider.swift in Sources */ = {isa = PBXBuildFile; fileRef = A70AAA9E1AF4B33C00E8B3F9 /* EventTableViewControllerProvider.swift */; };
		A70AAAA11AF4BA1B00E8B3F9 /* BaseViewController.swift in Sources */ = {isa = PBXBuildFile; fileRef = A70AAAA01AF4BA1B00E8B3F9 /* BaseViewController.swift */; };
		A718E8E61AFC347F00CE63B9 /* category-academic.png in Resources */ = {isa = PBXBuildFile; fileRef = A718E8E41AFC347F00CE63B9 /* category-academic.png */; };
		A718E8E71AFC347F00CE63B9 /* category-entertainment.png in Resources */ = {isa = PBXBuildFile; fileRef = A718E8E51AFC347F00CE63B9 /* category-entertainment.png */; };
		A718E8EB1AFC348700CE63B9 /* category-food.png in Resources */ = {isa = PBXBuildFile; fileRef = A718E8E81AFC348700CE63B9 /* category-food.png */; };
		A718E8EC1AFC348700CE63B9 /* category-music.png in Resources */ = {isa = PBXBuildFile; fileRef = A718E8E91AFC348700CE63B9 /* category-music.png */; };
		A718E8ED1AFC348700CE63B9 /* category-other.png in Resources */ = {isa = PBXBuildFile; fileRef = A718E8EA1AFC348700CE63B9 /* category-other.png */; };
		A71E69CF1B05333900F59E9D /* BaseEventTableViewController.swift in Sources */ = {isa = PBXBuildFile; fileRef = A71E69CE1B05333900F59E9D /* BaseEventTableViewController.swift */; };
		A72068AC1AE9DFBD00037D06 /* EventModel.swift in Sources */ = {isa = PBXBuildFile; fileRef = A72068AB1AE9DFBD00037D06 /* EventModel.swift */; };
		A7248B3F1B158A1200D64CA9 /* PlacesModelTest.swift in Sources */ = {isa = PBXBuildFile; fileRef = A7248B3E1B158A1200D64CA9 /* PlacesModelTest.swift */; };
		A725CDD41B054ED700C930F5 /* InvitationModel.swift in Sources */ = {isa = PBXBuildFile; fileRef = A725CDD31B054ED700C930F5 /* InvitationModel.swift */; };
		A73027D31AF202D4009D2281 /* BaseProvider.swift in Sources */ = {isa = PBXBuildFile; fileRef = A73027D21AF202D4009D2281 /* BaseProvider.swift */; };
		A73027D51AF2045D009D2281 /* BaseEventProvider.swift in Sources */ = {isa = PBXBuildFile; fileRef = A73027D41AF2045D009D2281 /* BaseEventProvider.swift */; };
		A73027D71AF20557009D2281 /* EventDetailViewControllerProvider.swift in Sources */ = {isa = PBXBuildFile; fileRef = A73027D61AF20557009D2281 /* EventDetailViewControllerProvider.swift */; };
		A73027D91AF210A0009D2281 /* LocationTableViewCell.swift in Sources */ = {isa = PBXBuildFile; fileRef = A73027D81AF210A0009D2281 /* LocationTableViewCell.swift */; };
		A73027DB1AF210B8009D2281 /* LocationTableViewCell.xib in Resources */ = {isa = PBXBuildFile; fileRef = A73027DA1AF210B8009D2281 /* LocationTableViewCell.xib */; };
		A74D9F911AF1EF6000B7C6C8 /* DescriptionTableViewCell.swift in Sources */ = {isa = PBXBuildFile; fileRef = A74D9F901AF1EF6000B7C6C8 /* DescriptionTableViewCell.swift */; };
		A74D9F931AF1EF8200B7C6C8 /* DescriptionTableViewCell.xib in Resources */ = {isa = PBXBuildFile; fileRef = A74D9F921AF1EF8200B7C6C8 /* DescriptionTableViewCell.xib */; };
		A78542B41AEA0B0600DD1164 /* EventDetailViewController.swift in Sources */ = {isa = PBXBuildFile; fileRef = A78542B31AEA0B0600DD1164 /* EventDetailViewController.swift */; };
		A78542B91AEA0D2500DD1164 /* Beach.jpg in Resources */ = {isa = PBXBuildFile; fileRef = A78542B81AEA0D2500DD1164 /* Beach.jpg */; };
		A78542BB1AEA0F3B00DD1164 /* EventDetailViewController.xib in Resources */ = {isa = PBXBuildFile; fileRef = A78542BA1AEA0F3B00DD1164 /* EventDetailViewController.xib */; };
		A787233C1B0E901900059A58 /* LocationPickerViewController.swift in Sources */ = {isa = PBXBuildFile; fileRef = A787233B1B0E901900059A58 /* LocationPickerViewController.swift */; };
		A787233E1B0E904D00059A58 /* LocationPickerViewController.xib in Resources */ = {isa = PBXBuildFile; fileRef = A787233D1B0E904D00059A58 /* LocationPickerViewController.xib */; };
		A78723401B0EB61B00059A58 /* LocationPickerProvider.swift in Sources */ = {isa = PBXBuildFile; fileRef = A787233F1B0EB61B00059A58 /* LocationPickerProvider.swift */; };
		A78723421B0EB74E00059A58 /* LocationPickerModel.swift in Sources */ = {isa = PBXBuildFile; fileRef = A78723411B0EB74E00059A58 /* LocationPickerModel.swift */; };
		A78723441B0EEF7400059A58 /* LocationPickerTableViewCell.swift in Sources */ = {isa = PBXBuildFile; fileRef = A78723431B0EEF7400059A58 /* LocationPickerTableViewCell.swift */; };
		A78723461B0EEFA500059A58 /* LocationPickerTableViewCell.xib in Resources */ = {isa = PBXBuildFile; fileRef = A78723451B0EEFA500059A58 /* LocationPickerTableViewCell.xib */; };
		A78AC73C1AF2A12200B10D46 /* UIView+Extension.swift in Sources */ = {isa = PBXBuildFile; fileRef = A78AC73B1AF2A12200B10D46 /* UIView+Extension.swift */; };
		A7A484501AF2EC61005F9E2F /* GeneralUtility.swift in Sources */ = {isa = PBXBuildFile; fileRef = A7A4844F1AF2EC61005F9E2F /* GeneralUtility.swift */; };
		A7B404981B157BA100DC1AFD /* EventModelTest.swift in Sources */ = {isa = PBXBuildFile; fileRef = A7B404971B157BA100DC1AFD /* EventModelTest.swift */; };
		A7BB8A611AFC2ECA003DEC75 /* category-fitness.png in Resources */ = {isa = PBXBuildFile; fileRef = A7BB8A601AFC2ECA003DEC75 /* category-fitness.png */; };
		A7BFC1341AE9FB5A00C19459 /* EventManagerModel.swift in Sources */ = {isa = PBXBuildFile; fileRef = A7BFC1331AE9FB5A00C19459 /* EventManagerModel.swift */; };
		B210DABF1B0533BA00850122 /* EventSearchProvider.swift in Sources */ = {isa = PBXBuildFile; fileRef = B210DABE1B0533BA00850122 /* EventSearchProvider.swift */; };
		B210DAC11B0533F200850122 /* BaseSearchProvider.swift in Sources */ = {isa = PBXBuildFile; fileRef = B210DAC01B0533F200850122 /* BaseSearchProvider.swift */; };
		B23AF74B1AF732CB00E32212 /* ContactModel.swift in Sources */ = {isa = PBXBuildFile; fileRef = B23AF74A1AF732CB00E32212 /* ContactModel.swift */; };
		B23FD6C01B0E7DE7003CCE93 /* EventTableViewCellTest.swift in Sources */ = {isa = PBXBuildFile; fileRef = B23FD6BF1B0E7DE7003CCE93 /* EventTableViewCellTest.swift */; };
		B2408BE61AF54CB300568B0C /* InviteContactTableViewController.swift in Sources */ = {isa = PBXBuildFile; fileRef = B2408BE41AF54CB300568B0C /* InviteContactTableViewController.swift */; };
		B2408BE91AF54CD800568B0C /* InviteContactTableViewController.xib in Resources */ = {isa = PBXBuildFile; fileRef = B2408BE81AF54CD800568B0C /* InviteContactTableViewController.xib */; };
		B241B5D01AF96EE8001BB17B /* icon-time.png in Resources */ = {isa = PBXBuildFile; fileRef = B241B5CF1AF96EE8001BB17B /* icon-time.png */; };
		B2446F431AE20967006C37F9 /* EventTableViewController.swift in Sources */ = {isa = PBXBuildFile; fileRef = B2446F411AE20967006C37F9 /* EventTableViewController.swift */; };
		B2446F461AE2098C006C37F9 /* EventTableViewController.xib in Resources */ = {isa = PBXBuildFile; fileRef = B2446F451AE2098C006C37F9 /* EventTableViewController.xib */; };
		B247C15D1B0E8290001D0EB5 /* FacebookSDK.framework in Frameworks */ = {isa = PBXBuildFile; fileRef = B25F15931AE19D4D00BE181B /* FacebookSDK.framework */; };
		B247C15E1B0E8290001D0EB5 /* FBAudienceNetwork.framework in Frameworks */ = {isa = PBXBuildFile; fileRef = B25F15941AE19D4D00BE181B /* FBAudienceNetwork.framework */; };
		B247C15F1B0E8290001D0EB5 /* Parse.framework in Frameworks */ = {isa = PBXBuildFile; fileRef = B25F15951AE19D4D00BE181B /* Parse.framework */; };
		B247C1601B0E8290001D0EB5 /* ParseCrashReporting.framework in Frameworks */ = {isa = PBXBuildFile; fileRef = B25F15961AE19D4D00BE181B /* ParseCrashReporting.framework */; };
		B247C1611B0E8290001D0EB5 /* ParseFacebookUtils.framework in Frameworks */ = {isa = PBXBuildFile; fileRef = B25F15971AE19D4D00BE181B /* ParseFacebookUtils.framework */; };
		B247C1621B0E8290001D0EB5 /* ParseUI.framework in Frameworks */ = {isa = PBXBuildFile; fileRef = B25F15981AE19D4D00BE181B /* ParseUI.framework */; };
		B247C1631B0E831B001D0EB5 /* EventModel.swift in Sources */ = {isa = PBXBuildFile; fileRef = A72068AB1AE9DFBD00037D06 /* EventModel.swift */; };
		B247C1651B0E8476001D0EB5 /* BaseModel.swift in Sources */ = {isa = PBXBuildFile; fileRef = B2BF29361AE9D3E200D6714C /* BaseModel.swift */; };
		B247C1661B0E847D001D0EB5 /* InvitationModel.swift in Sources */ = {isa = PBXBuildFile; fileRef = A725CDD31B054ED700C930F5 /* InvitationModel.swift */; };
		B247C1681B0E88AA001D0EB5 /* Constants.swift in Sources */ = {isa = PBXBuildFile; fileRef = B2BF29381AE9D42000D6714C /* Constants.swift */; };
		B247C1691B0E8926001D0EB5 /* libsqlite3.dylib in Frameworks */ = {isa = PBXBuildFile; fileRef = B25F15AB1AE19DB500BE181B /* libsqlite3.dylib */; };
		B247C16A1B0E8931001D0EB5 /* AudioToolbox.framework in Frameworks */ = {isa = PBXBuildFile; fileRef = B25F15A91AE19DA500BE181B /* AudioToolbox.framework */; };
		B247C16B1B0E894A001D0EB5 /* libstdc++.6.0.9.dylib in Frameworks */ = {isa = PBXBuildFile; fileRef = B29CC9631AE1A6B40035213D /* libstdc++.6.0.9.dylib */; };
		B247C16C1B0E894A001D0EB5 /* libstdc++.dylib in Frameworks */ = {isa = PBXBuildFile; fileRef = B29CC9641AE1A6B40035213D /* libstdc++.dylib */; };
		B247C16D1B0E895C001D0EB5 /* Social.framework in Frameworks */ = {isa = PBXBuildFile; fileRef = B25F15AD1AE19DDD00BE181B /* Social.framework */; };
		B247C16E1B0E897D001D0EB5 /* SystemConfiguration.framework in Frameworks */ = {isa = PBXBuildFile; fileRef = B25F15B11AE19F0800BE181B /* SystemConfiguration.framework */; };
		B247C1701B0E899F001D0EB5 /* Accounts.framework in Frameworks */ = {isa = PBXBuildFile; fileRef = B247C16F1B0E899F001D0EB5 /* Accounts.framework */; };
		B247C1721B0E96AF001D0EB5 /* EventManagerModelTest.swift in Sources */ = {isa = PBXBuildFile; fileRef = B247C1711B0E96AF001D0EB5 /* EventManagerModelTest.swift */; };
		B247C1731B0E96C9001D0EB5 /* EventManagerModel.swift in Sources */ = {isa = PBXBuildFile; fileRef = A7BFC1331AE9FB5A00C19459 /* EventManagerModel.swift */; };
		B247C1741B0E982D001D0EB5 /* AF+Date+Extension.swift in Sources */ = {isa = PBXBuildFile; fileRef = A70AAA921AF48DEE00E8B3F9 /* AF+Date+Extension.swift */; };
		B247C1761B0FB9EE001D0EB5 /* ContactModelTest.swift in Sources */ = {isa = PBXBuildFile; fileRef = B247C1751B0FB9EE001D0EB5 /* ContactModelTest.swift */; };
		B247C1771B0FBA0B001D0EB5 /* ContactModel.swift in Sources */ = {isa = PBXBuildFile; fileRef = B23AF74A1AF732CB00E32212 /* ContactModel.swift */; };
		B25560A01AE19A0900EBEE8B /* AppDelegate.swift in Sources */ = {isa = PBXBuildFile; fileRef = B255609F1AE19A0900EBEE8B /* AppDelegate.swift */; };
		B25560A71AE19A0900EBEE8B /* Images.xcassets in Resources */ = {isa = PBXBuildFile; fileRef = B25560A61AE19A0900EBEE8B /* Images.xcassets */; };
		B25560AA1AE19A0900EBEE8B /* LaunchScreen.xib in Resources */ = {isa = PBXBuildFile; fileRef = B25560A81AE19A0900EBEE8B /* LaunchScreen.xib */; };
		B25560B61AE19A0900EBEE8B /* UdderTests.swift in Sources */ = {isa = PBXBuildFile; fileRef = B25560B51AE19A0900EBEE8B /* UdderTests.swift */; };
		B25F15991AE19D4D00BE181B /* FacebookSDK.framework in Frameworks */ = {isa = PBXBuildFile; fileRef = B25F15931AE19D4D00BE181B /* FacebookSDK.framework */; };
		B25F159A1AE19D4D00BE181B /* FBAudienceNetwork.framework in Frameworks */ = {isa = PBXBuildFile; fileRef = B25F15941AE19D4D00BE181B /* FBAudienceNetwork.framework */; };
		B25F159B1AE19D4D00BE181B /* Parse.framework in Frameworks */ = {isa = PBXBuildFile; fileRef = B25F15951AE19D4D00BE181B /* Parse.framework */; };
		B25F159C1AE19D4D00BE181B /* ParseCrashReporting.framework in Frameworks */ = {isa = PBXBuildFile; fileRef = B25F15961AE19D4D00BE181B /* ParseCrashReporting.framework */; };
		B25F159D1AE19D4D00BE181B /* ParseFacebookUtils.framework in Frameworks */ = {isa = PBXBuildFile; fileRef = B25F15971AE19D4D00BE181B /* ParseFacebookUtils.framework */; };
		B25F159E1AE19D4D00BE181B /* ParseUI.framework in Frameworks */ = {isa = PBXBuildFile; fileRef = B25F15981AE19D4D00BE181B /* ParseUI.framework */; };
		B25F15A01AE19D5C00BE181B /* QuartzCore.framework in Frameworks */ = {isa = PBXBuildFile; fileRef = B25F159F1AE19D5C00BE181B /* QuartzCore.framework */; };
		B25F15A21AE19D6A00BE181B /* CFNetwork.framework in Frameworks */ = {isa = PBXBuildFile; fileRef = B25F15A11AE19D6A00BE181B /* CFNetwork.framework */; };
		B25F15A41AE19D7400BE181B /* CoreGraphics.framework in Frameworks */ = {isa = PBXBuildFile; fileRef = B25F15A31AE19D7400BE181B /* CoreGraphics.framework */; };
		B25F15A61AE19D7900BE181B /* CoreLocation.framework in Frameworks */ = {isa = PBXBuildFile; fileRef = B25F15A51AE19D7900BE181B /* CoreLocation.framework */; };
		B25F15A81AE19D7E00BE181B /* MobileCoreServices.framework in Frameworks */ = {isa = PBXBuildFile; fileRef = B25F15A71AE19D7E00BE181B /* MobileCoreServices.framework */; };
		B25F15AA1AE19DA500BE181B /* AudioToolbox.framework in Frameworks */ = {isa = PBXBuildFile; fileRef = B25F15A91AE19DA500BE181B /* AudioToolbox.framework */; };
		B25F15AC1AE19DB500BE181B /* libsqlite3.dylib in Frameworks */ = {isa = PBXBuildFile; fileRef = B25F15AB1AE19DB500BE181B /* libsqlite3.dylib */; };
		B25F15AE1AE19DDD00BE181B /* Social.framework in Frameworks */ = {isa = PBXBuildFile; fileRef = B25F15AD1AE19DDD00BE181B /* Social.framework */; };
		B25F15B01AE19DED00BE181B /* AVFoundation.framework in Frameworks */ = {isa = PBXBuildFile; fileRef = B25F15AF1AE19DED00BE181B /* AVFoundation.framework */; };
		B25F15B21AE19F0800BE181B /* SystemConfiguration.framework in Frameworks */ = {isa = PBXBuildFile; fileRef = B25F15B11AE19F0800BE181B /* SystemConfiguration.framework */; };
		B29CC9651AE1A6B40035213D /* libstdc++.6.0.9.dylib in Frameworks */ = {isa = PBXBuildFile; fileRef = B29CC9631AE1A6B40035213D /* libstdc++.6.0.9.dylib */; };
		B29CC9661AE1A6B40035213D /* libstdc++.dylib in Frameworks */ = {isa = PBXBuildFile; fileRef = B29CC9641AE1A6B40035213D /* libstdc++.dylib */; };
		B2BF29311AE9D32900D6714C /* EventTableViewCell.swift in Sources */ = {isa = PBXBuildFile; fileRef = B2BF292F1AE9D32900D6714C /* EventTableViewCell.swift */; };
		B2BF29341AE9D35B00D6714C /* EventTableViewCell.xib in Resources */ = {isa = PBXBuildFile; fileRef = B2BF29331AE9D35B00D6714C /* EventTableViewCell.xib */; };
		B2BF29371AE9D3E200D6714C /* BaseModel.swift in Sources */ = {isa = PBXBuildFile; fileRef = B2BF29361AE9D3E200D6714C /* BaseModel.swift */; };
		B2BF29391AE9D42000D6714C /* Constants.swift in Sources */ = {isa = PBXBuildFile; fileRef = B2BF29381AE9D42000D6714C /* Constants.swift */; };
		B2D5BB8F1AE1DDD40063126E /* SideMenuViewController.swift in Sources */ = {isa = PBXBuildFile; fileRef = B2D5BB8D1AE1DDD40063126E /* SideMenuViewController.swift */; };
		B2D5BB901AE1DDD40063126E /* ViewController.swift in Sources */ = {isa = PBXBuildFile; fileRef = B2D5BB8E1AE1DDD40063126E /* ViewController.swift */; };
		B2D5BB931AE1DDE00063126E /* SideMenuViewController.xib in Resources */ = {isa = PBXBuildFile; fileRef = B2D5BB911AE1DDE00063126E /* SideMenuViewController.xib */; };
		B2EF09F31AFC15F000A1B433 /* ContactCell.swift in Sources */ = {isa = PBXBuildFile; fileRef = B2EF09F21AFC15F000A1B433 /* ContactCell.swift */; };
		B2F34CD41B0FBF3300C2920D /* PlacesModel.swift in Sources */ = {isa = PBXBuildFile; fileRef = 55AF9D0F1B0531D500AE7216 /* PlacesModel.swift */; };
		E10200E31AEA076B007A2F8F /* LoginViewController.swift in Sources */ = {isa = PBXBuildFile; fileRef = E10200E11AEA076B007A2F8F /* LoginViewController.swift */; };
		E12F8F7D1AEED40100EA0BBA /* ViewController.xib in Resources */ = {isa = PBXBuildFile; fileRef = E12F8F7B1AEED40100EA0BBA /* ViewController.xib */; };
		E12F8F7F1AEED69800EA0BBA /* LoginViewController.xib in Resources */ = {isa = PBXBuildFile; fileRef = E12F8F7E1AEED69800EA0BBA /* LoginViewController.xib */; };
		E17571631AEAD24100E92F07 /* MyEventsViewController.swift in Sources */ = {isa = PBXBuildFile; fileRef = E17571611AEAD24100E92F07 /* MyEventsViewController.swift */; };
		E17571671AEAD25900E92F07 /* UpcomingEventsViewController.swift in Sources */ = {isa = PBXBuildFile; fileRef = E17571651AEAD25900E92F07 /* UpcomingEventsViewController.swift */; };
		E175716B1AEAD27A00E92F07 /* EventsNearMeViewController.swift in Sources */ = {isa = PBXBuildFile; fileRef = E17571691AEAD27A00E92F07 /* EventsNearMeViewController.swift */; };
		E175716F1AEAD2CB00E92F07 /* PendingInvitationsViewController.swift in Sources */ = {isa = PBXBuildFile; fileRef = E175716D1AEAD2CB00E92F07 /* PendingInvitationsViewController.swift */; };
		E17571751AEAD31C00E92F07 /* EventsNearMeViewController.xib in Resources */ = {isa = PBXBuildFile; fileRef = E17571711AEAD31C00E92F07 /* EventsNearMeViewController.xib */; };
		E17571761AEAD31C00E92F07 /* MyEventsViewController.xib in Resources */ = {isa = PBXBuildFile; fileRef = E17571721AEAD31C00E92F07 /* MyEventsViewController.xib */; };
		E17571771AEAD31C00E92F07 /* PendingInvitationsViewController.xib in Resources */ = {isa = PBXBuildFile; fileRef = E17571731AEAD31C00E92F07 /* PendingInvitationsViewController.xib */; };
		E17571781AEAD31C00E92F07 /* UpcomingEventsViewController.xib in Resources */ = {isa = PBXBuildFile; fileRef = E17571741AEAD31C00E92F07 /* UpcomingEventsViewController.xib */; };
		E1DB02381B0550580027AFF0 /* AttendeesTableViewCell.swift in Sources */ = {isa = PBXBuildFile; fileRef = E1DB02361B0550580027AFF0 /* AttendeesTableViewCell.swift */; };
		E1DB023B1B0550A50027AFF0 /* AttendeesTableViewCell.xib in Resources */ = {isa = PBXBuildFile; fileRef = E1DB023A1B0550A50027AFF0 /* AttendeesTableViewCell.xib */; };
		E1E6AF7E1B1643610093A0A1 /* EventCreationSubmitButtonTableViewCell.swift in Sources */ = {isa = PBXBuildFile; fileRef = E1E6AF7D1B1643610093A0A1 /* EventCreationSubmitButtonTableViewCell.swift */; };
		E1E6AF801B16436F0093A0A1 /* EventCreationSubmitButtonTableViewCell.xib in Resources */ = {isa = PBXBuildFile; fileRef = E1E6AF7F1B16436F0093A0A1 /* EventCreationSubmitButtonTableViewCell.xib */; };
/* End PBXBuildFile section */

/* Begin PBXContainerItemProxy section */
		B25560B01AE19A0900EBEE8B /* PBXContainerItemProxy */ = {
			isa = PBXContainerItemProxy;
			containerPortal = B25560921AE19A0900EBEE8B /* Project object */;
			proxyType = 1;
			remoteGlobalIDString = B25560991AE19A0900EBEE8B;
			remoteInfo = Udder;
		};
/* End PBXContainerItemProxy section */

/* Begin PBXFileReference section */
		16201F752B79D118EE62CB1F /* libPods-UdderTests.a */ = {isa = PBXFileReference; explicitFileType = archive.ar; includeInIndex = 0; path = "libPods-UdderTests.a"; sourceTree = BUILT_PRODUCTS_DIR; };
		1757CA4C60A32A2C80BE1541 /* Pods-Udder.release.xcconfig */ = {isa = PBXFileReference; includeInIndex = 1; lastKnownFileType = text.xcconfig; name = "Pods-Udder.release.xcconfig"; path = "Pods/Target Support Files/Pods-Udder/Pods-Udder.release.xcconfig"; sourceTree = "<group>"; };
		2CAA23FFF676B6CAA9F23964 /* Pods-UdderTests.release.xcconfig */ = {isa = PBXFileReference; includeInIndex = 1; lastKnownFileType = text.xcconfig; name = "Pods-UdderTests.release.xcconfig"; path = "Pods/Target Support Files/Pods-UdderTests/Pods-UdderTests.release.xcconfig"; sourceTree = "<group>"; };
		3487C5151AFC410E00C8BA90 /* ValidationViewController.swift */ = {isa = PBXFileReference; fileEncoding = 4; lastKnownFileType = sourcecode.swift; name = ValidationViewController.swift; path = ViewControllers/ValidationViewController.swift; sourceTree = "<group>"; };
		3487C5171AFC411800C8BA90 /* ValidationViewController.xib */ = {isa = PBXFileReference; fileEncoding = 4; lastKnownFileType = file.xib; name = ValidationViewController.xib; path = Views/ValidationViewController.xib; sourceTree = "<group>"; };
		348E20AF1AF97D57003BDB1F /* PhoneNumberViewController.xib */ = {isa = PBXFileReference; fileEncoding = 4; lastKnownFileType = file.xib; name = PhoneNumberViewController.xib; path = Views/PhoneNumberViewController.xib; sourceTree = "<group>"; };
		348E20B11AF97D7B003BDB1F /* PhoneNumberViewController.swift */ = {isa = PBXFileReference; fileEncoding = 4; lastKnownFileType = sourcecode.swift; name = PhoneNumberViewController.swift; path = ViewControllers/PhoneNumberViewController.swift; sourceTree = "<group>"; };
		551BBF8E1B10738B00309C8E /* editViewController.swift */ = {isa = PBXFileReference; fileEncoding = 4; lastKnownFileType = sourcecode.swift; name = editViewController.swift; path = ViewControllers/editViewController.swift; sourceTree = "<group>"; };
		551BBF901B10739500309C8E /* editViewController.xib */ = {isa = PBXFileReference; fileEncoding = 4; lastKnownFileType = file.xib; name = editViewController.xib; path = Views/editViewController.xib; sourceTree = "<group>"; };
		5548ED1D1AFA9FFB0063F6E4 /* WholeViewController.swift */ = {isa = PBXFileReference; fileEncoding = 4; lastKnownFileType = sourcecode.swift; name = WholeViewController.swift; path = ViewControllers/WholeViewController.swift; sourceTree = "<group>"; };
		5548ED1F1AFAA0110063F6E4 /* CatTableViewCell.swift */ = {isa = PBXFileReference; fileEncoding = 4; lastKnownFileType = sourcecode.swift; name = CatTableViewCell.swift; path = Cells/CatTableViewCell.swift; sourceTree = "<group>"; };
		5548ED201AFAA0110063F6E4 /* DateTableViewCell.swift */ = {isa = PBXFileReference; fileEncoding = 4; lastKnownFileType = sourcecode.swift; name = DateTableViewCell.swift; path = Cells/DateTableViewCell.swift; sourceTree = "<group>"; };
		5548ED211AFAA0110063F6E4 /* DescriptionEventCreationTableViewCell.swift */ = {isa = PBXFileReference; fileEncoding = 4; lastKnownFileType = sourcecode.swift; name = DescriptionEventCreationTableViewCell.swift; path = Cells/DescriptionEventCreationTableViewCell.swift; sourceTree = "<group>"; };
		5548ED221AFAA0110063F6E4 /* PrivateEventCreationTableViewCell.swift */ = {isa = PBXFileReference; fileEncoding = 4; lastKnownFileType = sourcecode.swift; name = PrivateEventCreationTableViewCell.swift; path = Cells/PrivateEventCreationTableViewCell.swift; sourceTree = "<group>"; };
		5548ED231AFAA0110063F6E4 /* RegEventCreationTableViewCell.swift */ = {isa = PBXFileReference; fileEncoding = 4; lastKnownFileType = sourcecode.swift; name = RegEventCreationTableViewCell.swift; path = Cells/RegEventCreationTableViewCell.swift; sourceTree = "<group>"; };
		5548ED241AFAA0110063F6E4 /* TimeTableViewCell.swift */ = {isa = PBXFileReference; fileEncoding = 4; lastKnownFileType = sourcecode.swift; name = TimeTableViewCell.swift; path = Cells/TimeTableViewCell.swift; sourceTree = "<group>"; };
		5548ED251AFAA0110063F6E4 /* WhereTableViewCell.swift */ = {isa = PBXFileReference; fileEncoding = 4; lastKnownFileType = sourcecode.swift; name = WhereTableViewCell.swift; path = Cells/WhereTableViewCell.swift; sourceTree = "<group>"; };
		5548ED2D1AFAA0300063F6E4 /* CatTableViewCell.xib */ = {isa = PBXFileReference; fileEncoding = 4; lastKnownFileType = file.xib; name = CatTableViewCell.xib; path = Views/CatTableViewCell.xib; sourceTree = "<group>"; };
		5548ED2E1AFAA0300063F6E4 /* DateTableViewCell.xib */ = {isa = PBXFileReference; fileEncoding = 4; lastKnownFileType = file.xib; name = DateTableViewCell.xib; path = Views/DateTableViewCell.xib; sourceTree = "<group>"; };
		5548ED2F1AFAA0300063F6E4 /* DescriptionEventCreationTableViewCell.xib */ = {isa = PBXFileReference; fileEncoding = 4; lastKnownFileType = file.xib; name = DescriptionEventCreationTableViewCell.xib; path = Views/DescriptionEventCreationTableViewCell.xib; sourceTree = "<group>"; };
		5548ED301AFAA0300063F6E4 /* EventViewController.xib */ = {isa = PBXFileReference; fileEncoding = 4; lastKnownFileType = file.xib; name = EventViewController.xib; path = Views/EventViewController.xib; sourceTree = "<group>"; };
		5548ED311AFAA0300063F6E4 /* PrivateEventCreationTableViewCell.xib */ = {isa = PBXFileReference; fileEncoding = 4; lastKnownFileType = file.xib; name = PrivateEventCreationTableViewCell.xib; path = Views/PrivateEventCreationTableViewCell.xib; sourceTree = "<group>"; };
		5548ED321AFAA0300063F6E4 /* RegEventCreationTableViewCell.xib */ = {isa = PBXFileReference; fileEncoding = 4; lastKnownFileType = file.xib; name = RegEventCreationTableViewCell.xib; path = Views/RegEventCreationTableViewCell.xib; sourceTree = "<group>"; };
		5548ED331AFAA0300063F6E4 /* TimeTableViewCell.xib */ = {isa = PBXFileReference; fileEncoding = 4; lastKnownFileType = file.xib; name = TimeTableViewCell.xib; path = Views/TimeTableViewCell.xib; sourceTree = "<group>"; };
		5548ED341AFAA0300063F6E4 /* WhereTableViewCell.xib */ = {isa = PBXFileReference; fileEncoding = 4; lastKnownFileType = file.xib; name = WhereTableViewCell.xib; path = Views/WhereTableViewCell.xib; sourceTree = "<group>"; };
		5548ED351AFAA0300063F6E4 /* WholeViewController.xib */ = {isa = PBXFileReference; fileEncoding = 4; lastKnownFileType = file.xib; name = WholeViewController.xib; path = Views/WholeViewController.xib; sourceTree = "<group>"; };
		55571E441AFC1414008AF1C3 /* textviewTableViewCell.xib */ = {isa = PBXFileReference; fileEncoding = 4; lastKnownFileType = file.xib; name = textviewTableViewCell.xib; path = Views/textviewTableViewCell.xib; sourceTree = "<group>"; };
		55571E461AFC1435008AF1C3 /* textviewTableViewCell.swift */ = {isa = PBXFileReference; fileEncoding = 4; lastKnownFileType = sourcecode.swift; name = textviewTableViewCell.swift; path = Cells/textviewTableViewCell.swift; sourceTree = "<group>"; };
		55AF9D0F1B0531D500AE7216 /* PlacesModel.swift */ = {isa = PBXFileReference; fileEncoding = 4; lastKnownFileType = sourcecode.swift; path = PlacesModel.swift; sourceTree = "<group>"; };
		55B3A8261B02F93800614EA8 /* regularCell.xib */ = {isa = PBXFileReference; fileEncoding = 4; lastKnownFileType = file.xib; name = regularCell.xib; path = Views/regularCell.xib; sourceTree = "<group>"; };
		55B3A8281B02F94400614EA8 /* regularCell.swift */ = {isa = PBXFileReference; fileEncoding = 4; lastKnownFileType = sourcecode.swift; name = regularCell.swift; path = Cells/regularCell.swift; sourceTree = "<group>"; };
		55CA498B1AF9726E0066A7FF /* ButtonCreationEventTableViewCell.swift */ = {isa = PBXFileReference; fileEncoding = 4; lastKnownFileType = sourcecode.swift; name = ButtonCreationEventTableViewCell.swift; path = Cells/ButtonCreationEventTableViewCell.swift; sourceTree = "<group>"; };
		A70AAA8C1AF379B900E8B3F9 /* UIColor+Extension.swift */ = {isa = PBXFileReference; fileEncoding = 4; lastKnownFileType = sourcecode.swift; name = "UIColor+Extension.swift"; path = "Utilities/UIColor+Extension.swift"; sourceTree = "<group>"; };
		A70AAA8E1AF4422400E8B3F9 /* icon-location.png */ = {isa = PBXFileReference; lastKnownFileType = image.png; name = "icon-location.png"; path = "Images/icon-location.png"; sourceTree = "<group>"; };
		A70AAA901AF4520F00E8B3F9 /* SeparateTintSegmentedControl.swift */ = {isa = PBXFileReference; fileEncoding = 4; lastKnownFileType = sourcecode.swift; name = SeparateTintSegmentedControl.swift; path = Utilities/SeparateTintSegmentedControl.swift; sourceTree = "<group>"; };
		A70AAA921AF48DEE00E8B3F9 /* AF+Date+Extension.swift */ = {isa = PBXFileReference; fileEncoding = 4; lastKnownFileType = sourcecode.swift; name = "AF+Date+Extension.swift"; path = "Utilities/AF+Date+Extension.swift"; sourceTree = "<group>"; };
		A70AAA941AF4929900E8B3F9 /* TimeInfoTableViewCell.xib */ = {isa = PBXFileReference; fileEncoding = 4; lastKnownFileType = file.xib; name = TimeInfoTableViewCell.xib; path = Views/TimeInfoTableViewCell.xib; sourceTree = "<group>"; };
		A70AAA961AF4966200E8B3F9 /* TimeInfoTableViewCell.swift */ = {isa = PBXFileReference; fileEncoding = 4; lastKnownFileType = sourcecode.swift; name = TimeInfoTableViewCell.swift; path = Cells/TimeInfoTableViewCell.swift; sourceTree = "<group>"; };
		A70AAA981AF49DF500E8B3F9 /* info.png */ = {isa = PBXFileReference; lastKnownFileType = image.png; name = info.png; path = Images/info.png; sourceTree = "<group>"; };
		A70AAA991AF49DF500E8B3F9 /* people.png */ = {isa = PBXFileReference; lastKnownFileType = image.png; name = people.png; path = Images/people.png; sourceTree = "<group>"; };
		A70AAA9C1AF4A6C100E8B3F9 /* EventAttendeesViewControllerProvider.swift */ = {isa = PBXFileReference; fileEncoding = 4; lastKnownFileType = sourcecode.swift; name = EventAttendeesViewControllerProvider.swift; path = Providers/EventAttendeesViewControllerProvider.swift; sourceTree = "<group>"; };
		A70AAA9E1AF4B33C00E8B3F9 /* EventTableViewControllerProvider.swift */ = {isa = PBXFileReference; fileEncoding = 4; lastKnownFileType = sourcecode.swift; name = EventTableViewControllerProvider.swift; path = Providers/EventTableViewControllerProvider.swift; sourceTree = "<group>"; };
		A70AAAA01AF4BA1B00E8B3F9 /* BaseViewController.swift */ = {isa = PBXFileReference; fileEncoding = 4; lastKnownFileType = sourcecode.swift; name = BaseViewController.swift; path = ViewControllers/BaseViewController.swift; sourceTree = "<group>"; };
		A718E8E41AFC347F00CE63B9 /* category-academic.png */ = {isa = PBXFileReference; lastKnownFileType = image.png; name = "category-academic.png"; path = "Images/category-academic.png"; sourceTree = "<group>"; };
		A718E8E51AFC347F00CE63B9 /* category-entertainment.png */ = {isa = PBXFileReference; lastKnownFileType = image.png; name = "category-entertainment.png"; path = "Images/category-entertainment.png"; sourceTree = "<group>"; };
		A718E8E81AFC348700CE63B9 /* category-food.png */ = {isa = PBXFileReference; lastKnownFileType = image.png; name = "category-food.png"; path = "Images/category-food.png"; sourceTree = "<group>"; };
		A718E8E91AFC348700CE63B9 /* category-music.png */ = {isa = PBXFileReference; lastKnownFileType = image.png; name = "category-music.png"; path = "Images/category-music.png"; sourceTree = "<group>"; };
		A718E8EA1AFC348700CE63B9 /* category-other.png */ = {isa = PBXFileReference; lastKnownFileType = image.png; name = "category-other.png"; path = "Images/category-other.png"; sourceTree = "<group>"; };
		A71E69CE1B05333900F59E9D /* BaseEventTableViewController.swift */ = {isa = PBXFileReference; fileEncoding = 4; lastKnownFileType = sourcecode.swift; name = BaseEventTableViewController.swift; path = ViewControllers/BaseEventTableViewController.swift; sourceTree = "<group>"; };
		A72068AB1AE9DFBD00037D06 /* EventModel.swift */ = {isa = PBXFileReference; fileEncoding = 4; lastKnownFileType = sourcecode.swift; name = EventModel.swift; path = Models/EventModel.swift; sourceTree = "<group>"; };
		A7248B3E1B158A1200D64CA9 /* PlacesModelTest.swift */ = {isa = PBXFileReference; fileEncoding = 4; lastKnownFileType = sourcecode.swift; path = PlacesModelTest.swift; sourceTree = "<group>"; };
		A725CDD31B054ED700C930F5 /* InvitationModel.swift */ = {isa = PBXFileReference; fileEncoding = 4; lastKnownFileType = sourcecode.swift; name = InvitationModel.swift; path = Models/InvitationModel.swift; sourceTree = "<group>"; };
		A73027D21AF202D4009D2281 /* BaseProvider.swift */ = {isa = PBXFileReference; fileEncoding = 4; lastKnownFileType = sourcecode.swift; name = BaseProvider.swift; path = Providers/BaseProvider.swift; sourceTree = "<group>"; };
		A73027D41AF2045D009D2281 /* BaseEventProvider.swift */ = {isa = PBXFileReference; fileEncoding = 4; lastKnownFileType = sourcecode.swift; name = BaseEventProvider.swift; path = Providers/BaseEventProvider.swift; sourceTree = "<group>"; };
		A73027D61AF20557009D2281 /* EventDetailViewControllerProvider.swift */ = {isa = PBXFileReference; fileEncoding = 4; lastKnownFileType = sourcecode.swift; name = EventDetailViewControllerProvider.swift; path = Providers/EventDetailViewControllerProvider.swift; sourceTree = "<group>"; };
		A73027D81AF210A0009D2281 /* LocationTableViewCell.swift */ = {isa = PBXFileReference; fileEncoding = 4; lastKnownFileType = sourcecode.swift; name = LocationTableViewCell.swift; path = Cells/LocationTableViewCell.swift; sourceTree = "<group>"; };
		A73027DA1AF210B8009D2281 /* LocationTableViewCell.xib */ = {isa = PBXFileReference; fileEncoding = 4; lastKnownFileType = file.xib; name = LocationTableViewCell.xib; path = Views/LocationTableViewCell.xib; sourceTree = "<group>"; };
		A74D9F901AF1EF6000B7C6C8 /* DescriptionTableViewCell.swift */ = {isa = PBXFileReference; fileEncoding = 4; lastKnownFileType = sourcecode.swift; name = DescriptionTableViewCell.swift; path = Cells/DescriptionTableViewCell.swift; sourceTree = "<group>"; };
		A74D9F921AF1EF8200B7C6C8 /* DescriptionTableViewCell.xib */ = {isa = PBXFileReference; fileEncoding = 4; lastKnownFileType = file.xib; name = DescriptionTableViewCell.xib; path = Views/DescriptionTableViewCell.xib; sourceTree = "<group>"; };
		A78542B31AEA0B0600DD1164 /* EventDetailViewController.swift */ = {isa = PBXFileReference; fileEncoding = 4; lastKnownFileType = sourcecode.swift; name = EventDetailViewController.swift; path = ViewControllers/EventDetailViewController.swift; sourceTree = "<group>"; };
		A78542B81AEA0D2500DD1164 /* Beach.jpg */ = {isa = PBXFileReference; lastKnownFileType = image.jpeg; name = Beach.jpg; path = Images/Beach.jpg; sourceTree = "<group>"; };
		A78542BA1AEA0F3B00DD1164 /* EventDetailViewController.xib */ = {isa = PBXFileReference; fileEncoding = 4; lastKnownFileType = file.xib; name = EventDetailViewController.xib; path = Views/EventDetailViewController.xib; sourceTree = "<group>"; };
		A787233B1B0E901900059A58 /* LocationPickerViewController.swift */ = {isa = PBXFileReference; fileEncoding = 4; lastKnownFileType = sourcecode.swift; path = LocationPickerViewController.swift; sourceTree = "<group>"; };
		A787233D1B0E904D00059A58 /* LocationPickerViewController.xib */ = {isa = PBXFileReference; fileEncoding = 4; lastKnownFileType = file.xib; name = LocationPickerViewController.xib; path = Views/LocationPickerViewController.xib; sourceTree = "<group>"; };
		A787233F1B0EB61B00059A58 /* LocationPickerProvider.swift */ = {isa = PBXFileReference; fileEncoding = 4; lastKnownFileType = sourcecode.swift; name = LocationPickerProvider.swift; path = Providers/LocationPickerProvider.swift; sourceTree = "<group>"; };
		A78723411B0EB74E00059A58 /* LocationPickerModel.swift */ = {isa = PBXFileReference; fileEncoding = 4; lastKnownFileType = sourcecode.swift; name = LocationPickerModel.swift; path = Models/LocationPickerModel.swift; sourceTree = "<group>"; };
		A78723431B0EEF7400059A58 /* LocationPickerTableViewCell.swift */ = {isa = PBXFileReference; fileEncoding = 4; lastKnownFileType = sourcecode.swift; name = LocationPickerTableViewCell.swift; path = Cells/LocationPickerTableViewCell.swift; sourceTree = "<group>"; };
		A78723451B0EEFA500059A58 /* LocationPickerTableViewCell.xib */ = {isa = PBXFileReference; fileEncoding = 4; lastKnownFileType = file.xib; name = LocationPickerTableViewCell.xib; path = Views/LocationPickerTableViewCell.xib; sourceTree = "<group>"; };
		A78AC73B1AF2A12200B10D46 /* UIView+Extension.swift */ = {isa = PBXFileReference; fileEncoding = 4; lastKnownFileType = sourcecode.swift; name = "UIView+Extension.swift"; path = "Utilities/UIView+Extension.swift"; sourceTree = "<group>"; };
		A7A4844F1AF2EC61005F9E2F /* GeneralUtility.swift */ = {isa = PBXFileReference; fileEncoding = 4; lastKnownFileType = sourcecode.swift; name = GeneralUtility.swift; path = Utilities/GeneralUtility.swift; sourceTree = "<group>"; };
		A7B404971B157BA100DC1AFD /* EventModelTest.swift */ = {isa = PBXFileReference; fileEncoding = 4; lastKnownFileType = sourcecode.swift; path = EventModelTest.swift; sourceTree = "<group>"; };
		A7BB8A601AFC2ECA003DEC75 /* category-fitness.png */ = {isa = PBXFileReference; lastKnownFileType = image.png; name = "category-fitness.png"; path = "Images/category-fitness.png"; sourceTree = "<group>"; };
		A7BFC1331AE9FB5A00C19459 /* EventManagerModel.swift */ = {isa = PBXFileReference; fileEncoding = 4; lastKnownFileType = sourcecode.swift; name = EventManagerModel.swift; path = Models/EventManagerModel.swift; sourceTree = "<group>"; };
		B210DABE1B0533BA00850122 /* EventSearchProvider.swift */ = {isa = PBXFileReference; fileEncoding = 4; lastKnownFileType = sourcecode.swift; name = EventSearchProvider.swift; path = Providers/EventSearchProvider.swift; sourceTree = "<group>"; };
		B210DAC01B0533F200850122 /* BaseSearchProvider.swift */ = {isa = PBXFileReference; fileEncoding = 4; lastKnownFileType = sourcecode.swift; name = BaseSearchProvider.swift; path = Providers/BaseSearchProvider.swift; sourceTree = "<group>"; };
		B23AF74A1AF732CB00E32212 /* ContactModel.swift */ = {isa = PBXFileReference; fileEncoding = 4; lastKnownFileType = sourcecode.swift; name = ContactModel.swift; path = Models/ContactModel.swift; sourceTree = "<group>"; };
		B23FD6BF1B0E7DE7003CCE93 /* EventTableViewCellTest.swift */ = {isa = PBXFileReference; fileEncoding = 4; lastKnownFileType = sourcecode.swift; path = EventTableViewCellTest.swift; sourceTree = "<group>"; };
		B2408BE41AF54CB300568B0C /* InviteContactTableViewController.swift */ = {isa = PBXFileReference; fileEncoding = 4; lastKnownFileType = sourcecode.swift; name = InviteContactTableViewController.swift; path = ViewControllers/InviteContactTableViewController.swift; sourceTree = "<group>"; };
		B2408BE81AF54CD800568B0C /* InviteContactTableViewController.xib */ = {isa = PBXFileReference; fileEncoding = 4; lastKnownFileType = file.xib; name = InviteContactTableViewController.xib; path = Views/InviteContactTableViewController.xib; sourceTree = "<group>"; };
		B241B5CF1AF96EE8001BB17B /* icon-time.png */ = {isa = PBXFileReference; lastKnownFileType = image.png; name = "icon-time.png"; path = "Images/icon-time.png"; sourceTree = "<group>"; };
		B2446F411AE20967006C37F9 /* EventTableViewController.swift */ = {isa = PBXFileReference; fileEncoding = 4; lastKnownFileType = sourcecode.swift; name = EventTableViewController.swift; path = ViewControllers/EventTableViewController.swift; sourceTree = "<group>"; };
		B2446F451AE2098C006C37F9 /* EventTableViewController.xib */ = {isa = PBXFileReference; fileEncoding = 4; lastKnownFileType = file.xib; name = EventTableViewController.xib; path = Views/EventTableViewController.xib; sourceTree = "<group>"; };
		B247C16F1B0E899F001D0EB5 /* Accounts.framework */ = {isa = PBXFileReference; lastKnownFileType = wrapper.framework; name = Accounts.framework; path = System/Library/Frameworks/Accounts.framework; sourceTree = SDKROOT; };
		B247C1711B0E96AF001D0EB5 /* EventManagerModelTest.swift */ = {isa = PBXFileReference; fileEncoding = 4; lastKnownFileType = sourcecode.swift; path = EventManagerModelTest.swift; sourceTree = "<group>"; };
		B247C1751B0FB9EE001D0EB5 /* ContactModelTest.swift */ = {isa = PBXFileReference; fileEncoding = 4; lastKnownFileType = sourcecode.swift; path = ContactModelTest.swift; sourceTree = "<group>"; };
		B255609A1AE19A0900EBEE8B /* Udder.app */ = {isa = PBXFileReference; explicitFileType = wrapper.application; includeInIndex = 0; path = Udder.app; sourceTree = BUILT_PRODUCTS_DIR; };
		B255609E1AE19A0900EBEE8B /* Info.plist */ = {isa = PBXFileReference; lastKnownFileType = text.plist.xml; path = Info.plist; sourceTree = "<group>"; };
		B255609F1AE19A0900EBEE8B /* AppDelegate.swift */ = {isa = PBXFileReference; lastKnownFileType = sourcecode.swift; path = AppDelegate.swift; sourceTree = "<group>"; };
		B25560A61AE19A0900EBEE8B /* Images.xcassets */ = {isa = PBXFileReference; lastKnownFileType = folder.assetcatalog; path = Images.xcassets; sourceTree = "<group>"; };
		B25560A91AE19A0900EBEE8B /* Base */ = {isa = PBXFileReference; lastKnownFileType = file.xib; name = Base; path = Base.lproj/LaunchScreen.xib; sourceTree = "<group>"; };
		B25560AF1AE19A0900EBEE8B /* UdderTests.xctest */ = {isa = PBXFileReference; explicitFileType = wrapper.cfbundle; includeInIndex = 0; path = UdderTests.xctest; sourceTree = BUILT_PRODUCTS_DIR; };
		B25560B41AE19A0900EBEE8B /* Info.plist */ = {isa = PBXFileReference; lastKnownFileType = text.plist.xml; path = Info.plist; sourceTree = "<group>"; };
		B25560B51AE19A0900EBEE8B /* UdderTests.swift */ = {isa = PBXFileReference; lastKnownFileType = sourcecode.swift; path = UdderTests.swift; sourceTree = "<group>"; };
		B25F15931AE19D4D00BE181B /* FacebookSDK.framework */ = {isa = PBXFileReference; lastKnownFileType = wrapper.framework; path = FacebookSDK.framework; sourceTree = "<group>"; };
		B25F15941AE19D4D00BE181B /* FBAudienceNetwork.framework */ = {isa = PBXFileReference; lastKnownFileType = wrapper.framework; path = FBAudienceNetwork.framework; sourceTree = "<group>"; };
		B25F15951AE19D4D00BE181B /* Parse.framework */ = {isa = PBXFileReference; lastKnownFileType = wrapper.framework; path = Parse.framework; sourceTree = "<group>"; };
		B25F15961AE19D4D00BE181B /* ParseCrashReporting.framework */ = {isa = PBXFileReference; lastKnownFileType = wrapper.framework; path = ParseCrashReporting.framework; sourceTree = "<group>"; };
		B25F15971AE19D4D00BE181B /* ParseFacebookUtils.framework */ = {isa = PBXFileReference; lastKnownFileType = wrapper.framework; path = ParseFacebookUtils.framework; sourceTree = "<group>"; };
		B25F15981AE19D4D00BE181B /* ParseUI.framework */ = {isa = PBXFileReference; lastKnownFileType = wrapper.framework; path = ParseUI.framework; sourceTree = "<group>"; };
		B25F159F1AE19D5C00BE181B /* QuartzCore.framework */ = {isa = PBXFileReference; lastKnownFileType = wrapper.framework; name = QuartzCore.framework; path = System/Library/Frameworks/QuartzCore.framework; sourceTree = SDKROOT; };
		B25F15A11AE19D6A00BE181B /* CFNetwork.framework */ = {isa = PBXFileReference; lastKnownFileType = wrapper.framework; name = CFNetwork.framework; path = System/Library/Frameworks/CFNetwork.framework; sourceTree = SDKROOT; };
		B25F15A31AE19D7400BE181B /* CoreGraphics.framework */ = {isa = PBXFileReference; lastKnownFileType = wrapper.framework; name = CoreGraphics.framework; path = System/Library/Frameworks/CoreGraphics.framework; sourceTree = SDKROOT; };
		B25F15A51AE19D7900BE181B /* CoreLocation.framework */ = {isa = PBXFileReference; lastKnownFileType = wrapper.framework; name = CoreLocation.framework; path = System/Library/Frameworks/CoreLocation.framework; sourceTree = SDKROOT; };
		B25F15A71AE19D7E00BE181B /* MobileCoreServices.framework */ = {isa = PBXFileReference; lastKnownFileType = wrapper.framework; name = MobileCoreServices.framework; path = System/Library/Frameworks/MobileCoreServices.framework; sourceTree = SDKROOT; };
		B25F15A91AE19DA500BE181B /* AudioToolbox.framework */ = {isa = PBXFileReference; lastKnownFileType = wrapper.framework; name = AudioToolbox.framework; path = System/Library/Frameworks/AudioToolbox.framework; sourceTree = SDKROOT; };
		B25F15AB1AE19DB500BE181B /* libsqlite3.dylib */ = {isa = PBXFileReference; lastKnownFileType = "compiled.mach-o.dylib"; name = libsqlite3.dylib; path = usr/lib/libsqlite3.dylib; sourceTree = SDKROOT; };
		B25F15AD1AE19DDD00BE181B /* Social.framework */ = {isa = PBXFileReference; lastKnownFileType = wrapper.framework; name = Social.framework; path = System/Library/Frameworks/Social.framework; sourceTree = SDKROOT; };
		B25F15AF1AE19DED00BE181B /* AVFoundation.framework */ = {isa = PBXFileReference; lastKnownFileType = wrapper.framework; name = AVFoundation.framework; path = System/Library/Frameworks/AVFoundation.framework; sourceTree = SDKROOT; };
		B25F15B11AE19F0800BE181B /* SystemConfiguration.framework */ = {isa = PBXFileReference; lastKnownFileType = wrapper.framework; name = SystemConfiguration.framework; path = System/Library/Frameworks/SystemConfiguration.framework; sourceTree = SDKROOT; };
		B29CC9631AE1A6B40035213D /* libstdc++.6.0.9.dylib */ = {isa = PBXFileReference; lastKnownFileType = "compiled.mach-o.dylib"; name = "libstdc++.6.0.9.dylib"; path = "usr/lib/libstdc++.6.0.9.dylib"; sourceTree = SDKROOT; };
		B29CC9641AE1A6B40035213D /* libstdc++.dylib */ = {isa = PBXFileReference; lastKnownFileType = "compiled.mach-o.dylib"; name = "libstdc++.dylib"; path = "usr/lib/libstdc++.dylib"; sourceTree = SDKROOT; };
		B2AD19491AE1A25E0021DE33 /* UdderBridgingHeader.h */ = {isa = PBXFileReference; lastKnownFileType = sourcecode.c.h; path = UdderBridgingHeader.h; sourceTree = "<group>"; };
		B2BF292F1AE9D32900D6714C /* EventTableViewCell.swift */ = {isa = PBXFileReference; fileEncoding = 4; lastKnownFileType = sourcecode.swift; name = EventTableViewCell.swift; path = Cells/EventTableViewCell.swift; sourceTree = "<group>"; };
		B2BF29331AE9D35B00D6714C /* EventTableViewCell.xib */ = {isa = PBXFileReference; fileEncoding = 4; lastKnownFileType = file.xib; name = EventTableViewCell.xib; path = Views/EventTableViewCell.xib; sourceTree = "<group>"; };
		B2BF29361AE9D3E200D6714C /* BaseModel.swift */ = {isa = PBXFileReference; fileEncoding = 4; lastKnownFileType = sourcecode.swift; name = BaseModel.swift; path = Models/BaseModel.swift; sourceTree = "<group>"; };
		B2BF29381AE9D42000D6714C /* Constants.swift */ = {isa = PBXFileReference; fileEncoding = 4; lastKnownFileType = sourcecode.swift; path = Constants.swift; sourceTree = "<group>"; };
		B2D5BB8D1AE1DDD40063126E /* SideMenuViewController.swift */ = {isa = PBXFileReference; fileEncoding = 4; lastKnownFileType = sourcecode.swift; name = SideMenuViewController.swift; path = ViewControllers/SideMenuViewController.swift; sourceTree = "<group>"; };
		B2D5BB8E1AE1DDD40063126E /* ViewController.swift */ = {isa = PBXFileReference; fileEncoding = 4; lastKnownFileType = sourcecode.swift; name = ViewController.swift; path = ViewControllers/ViewController.swift; sourceTree = "<group>"; };
		B2D5BB911AE1DDE00063126E /* SideMenuViewController.xib */ = {isa = PBXFileReference; fileEncoding = 4; lastKnownFileType = file.xib; name = SideMenuViewController.xib; path = Views/SideMenuViewController.xib; sourceTree = "<group>"; };
		B2EF09F21AFC15F000A1B433 /* ContactCell.swift */ = {isa = PBXFileReference; fileEncoding = 4; lastKnownFileType = sourcecode.swift; name = ContactCell.swift; path = Cells/ContactCell.swift; sourceTree = "<group>"; };
		B3B33F21B4DA105929A47308 /* libPods-Udder.a */ = {isa = PBXFileReference; explicitFileType = archive.ar; includeInIndex = 0; path = "libPods-Udder.a"; sourceTree = BUILT_PRODUCTS_DIR; };
		C7502EDFD18E46DBF1E2F0C7 /* Pods-Udder.debug.xcconfig */ = {isa = PBXFileReference; includeInIndex = 1; lastKnownFileType = text.xcconfig; name = "Pods-Udder.debug.xcconfig"; path = "Pods/Target Support Files/Pods-Udder/Pods-Udder.debug.xcconfig"; sourceTree = "<group>"; };
		E10200E11AEA076B007A2F8F /* LoginViewController.swift */ = {isa = PBXFileReference; fileEncoding = 4; lastKnownFileType = sourcecode.swift; name = LoginViewController.swift; path = ViewControllers/LoginViewController.swift; sourceTree = "<group>"; };
		E12F8F7B1AEED40100EA0BBA /* ViewController.xib */ = {isa = PBXFileReference; fileEncoding = 4; lastKnownFileType = file.xib; name = ViewController.xib; path = Views/ViewController.xib; sourceTree = "<group>"; };
		E12F8F7E1AEED69800EA0BBA /* LoginViewController.xib */ = {isa = PBXFileReference; fileEncoding = 4; lastKnownFileType = file.xib; name = LoginViewController.xib; path = Views/LoginViewController.xib; sourceTree = "<group>"; };
		E17571611AEAD24100E92F07 /* MyEventsViewController.swift */ = {isa = PBXFileReference; fileEncoding = 4; lastKnownFileType = sourcecode.swift; name = MyEventsViewController.swift; path = ViewControllers/MyEventsViewController.swift; sourceTree = "<group>"; };
		E17571651AEAD25900E92F07 /* UpcomingEventsViewController.swift */ = {isa = PBXFileReference; fileEncoding = 4; lastKnownFileType = sourcecode.swift; name = UpcomingEventsViewController.swift; path = ViewControllers/UpcomingEventsViewController.swift; sourceTree = "<group>"; };
		E17571691AEAD27A00E92F07 /* EventsNearMeViewController.swift */ = {isa = PBXFileReference; fileEncoding = 4; lastKnownFileType = sourcecode.swift; name = EventsNearMeViewController.swift; path = ViewControllers/EventsNearMeViewController.swift; sourceTree = "<group>"; };
		E175716D1AEAD2CB00E92F07 /* PendingInvitationsViewController.swift */ = {isa = PBXFileReference; fileEncoding = 4; lastKnownFileType = sourcecode.swift; name = PendingInvitationsViewController.swift; path = ViewControllers/PendingInvitationsViewController.swift; sourceTree = "<group>"; };
		E17571711AEAD31C00E92F07 /* EventsNearMeViewController.xib */ = {isa = PBXFileReference; fileEncoding = 4; lastKnownFileType = file.xib; name = EventsNearMeViewController.xib; path = Views/EventsNearMeViewController.xib; sourceTree = "<group>"; };
		E17571721AEAD31C00E92F07 /* MyEventsViewController.xib */ = {isa = PBXFileReference; fileEncoding = 4; lastKnownFileType = file.xib; name = MyEventsViewController.xib; path = Views/MyEventsViewController.xib; sourceTree = "<group>"; };
		E17571731AEAD31C00E92F07 /* PendingInvitationsViewController.xib */ = {isa = PBXFileReference; fileEncoding = 4; lastKnownFileType = file.xib; name = PendingInvitationsViewController.xib; path = Views/PendingInvitationsViewController.xib; sourceTree = "<group>"; };
		E17571741AEAD31C00E92F07 /* UpcomingEventsViewController.xib */ = {isa = PBXFileReference; fileEncoding = 4; lastKnownFileType = file.xib; name = UpcomingEventsViewController.xib; path = Views/UpcomingEventsViewController.xib; sourceTree = "<group>"; };
		E1DB02361B0550580027AFF0 /* AttendeesTableViewCell.swift */ = {isa = PBXFileReference; fileEncoding = 4; lastKnownFileType = sourcecode.swift; name = AttendeesTableViewCell.swift; path = Cells/AttendeesTableViewCell.swift; sourceTree = "<group>"; };
		E1DB023A1B0550A50027AFF0 /* AttendeesTableViewCell.xib */ = {isa = PBXFileReference; fileEncoding = 4; lastKnownFileType = file.xib; name = AttendeesTableViewCell.xib; path = Views/AttendeesTableViewCell.xib; sourceTree = "<group>"; };
		E1E6AF7D1B1643610093A0A1 /* EventCreationSubmitButtonTableViewCell.swift */ = {isa = PBXFileReference; fileEncoding = 4; lastKnownFileType = sourcecode.swift; name = EventCreationSubmitButtonTableViewCell.swift; path = Cells/EventCreationSubmitButtonTableViewCell.swift; sourceTree = "<group>"; };
		E1E6AF7F1B16436F0093A0A1 /* EventCreationSubmitButtonTableViewCell.xib */ = {isa = PBXFileReference; fileEncoding = 4; lastKnownFileType = file.xib; name = EventCreationSubmitButtonTableViewCell.xib; path = Views/EventCreationSubmitButtonTableViewCell.xib; sourceTree = "<group>"; };
		F4E31BB04A3FC700DAAE2644 /* Pods-UdderTests.debug.xcconfig */ = {isa = PBXFileReference; includeInIndex = 1; lastKnownFileType = text.xcconfig; name = "Pods-UdderTests.debug.xcconfig"; path = "Pods/Target Support Files/Pods-UdderTests/Pods-UdderTests.debug.xcconfig"; sourceTree = "<group>"; };
/* End PBXFileReference section */

/* Begin PBXFrameworksBuildPhase section */
		B25560971AE19A0900EBEE8B /* Frameworks */ = {
			isa = PBXFrameworksBuildPhase;
			buildActionMask = 2147483647;
			files = (
				B29CC9651AE1A6B40035213D /* libstdc++.6.0.9.dylib in Frameworks */,
				B29CC9661AE1A6B40035213D /* libstdc++.dylib in Frameworks */,
				B25F15B21AE19F0800BE181B /* SystemConfiguration.framework in Frameworks */,
				B25F15B01AE19DED00BE181B /* AVFoundation.framework in Frameworks */,
				B25F15AE1AE19DDD00BE181B /* Social.framework in Frameworks */,
				B25F15AC1AE19DB500BE181B /* libsqlite3.dylib in Frameworks */,
				B25F15AA1AE19DA500BE181B /* AudioToolbox.framework in Frameworks */,
				B25F15A81AE19D7E00BE181B /* MobileCoreServices.framework in Frameworks */,
				B25F15A61AE19D7900BE181B /* CoreLocation.framework in Frameworks */,
				B25F15A41AE19D7400BE181B /* CoreGraphics.framework in Frameworks */,
				B25F15A21AE19D6A00BE181B /* CFNetwork.framework in Frameworks */,
				B25F15A01AE19D5C00BE181B /* QuartzCore.framework in Frameworks */,
				B25F15991AE19D4D00BE181B /* FacebookSDK.framework in Frameworks */,
				B25F159A1AE19D4D00BE181B /* FBAudienceNetwork.framework in Frameworks */,
				B25F159B1AE19D4D00BE181B /* Parse.framework in Frameworks */,
				B25F159C1AE19D4D00BE181B /* ParseCrashReporting.framework in Frameworks */,
				B25F159D1AE19D4D00BE181B /* ParseFacebookUtils.framework in Frameworks */,
				B25F159E1AE19D4D00BE181B /* ParseUI.framework in Frameworks */,
				9FD7F336EB61C7CC5ACBF799 /* libPods-Udder.a in Frameworks */,
			);
			runOnlyForDeploymentPostprocessing = 0;
		};
		B25560AC1AE19A0900EBEE8B /* Frameworks */ = {
			isa = PBXFrameworksBuildPhase;
			buildActionMask = 2147483647;
			files = (
				B247C1701B0E899F001D0EB5 /* Accounts.framework in Frameworks */,
				B247C16E1B0E897D001D0EB5 /* SystemConfiguration.framework in Frameworks */,
				B247C16D1B0E895C001D0EB5 /* Social.framework in Frameworks */,
				B247C16B1B0E894A001D0EB5 /* libstdc++.6.0.9.dylib in Frameworks */,
				B247C16C1B0E894A001D0EB5 /* libstdc++.dylib in Frameworks */,
				B247C16A1B0E8931001D0EB5 /* AudioToolbox.framework in Frameworks */,
				B247C1691B0E8926001D0EB5 /* libsqlite3.dylib in Frameworks */,
				B247C15D1B0E8290001D0EB5 /* FacebookSDK.framework in Frameworks */,
				B247C15E1B0E8290001D0EB5 /* FBAudienceNetwork.framework in Frameworks */,
				B247C15F1B0E8290001D0EB5 /* Parse.framework in Frameworks */,
				B247C1601B0E8290001D0EB5 /* ParseCrashReporting.framework in Frameworks */,
				B247C1611B0E8290001D0EB5 /* ParseFacebookUtils.framework in Frameworks */,
				B247C1621B0E8290001D0EB5 /* ParseUI.framework in Frameworks */,
				55DF5DD6122682FBBD7A88FD /* libPods-UdderTests.a in Frameworks */,
			);
			runOnlyForDeploymentPostprocessing = 0;
		};
/* End PBXFrameworksBuildPhase section */

/* Begin PBXGroup section */
		2076E36EEDF9568A3E9DF7E1 /* Pods */ = {
			isa = PBXGroup;
			children = (
				C7502EDFD18E46DBF1E2F0C7 /* Pods-Udder.debug.xcconfig */,
				1757CA4C60A32A2C80BE1541 /* Pods-Udder.release.xcconfig */,
				F4E31BB04A3FC700DAAE2644 /* Pods-UdderTests.debug.xcconfig */,
				2CAA23FFF676B6CAA9F23964 /* Pods-UdderTests.release.xcconfig */,
			);
			name = Pods;
			sourceTree = "<group>";
		};
		A73027D11AF202B2009D2281 /* Providers */ = {
			isa = PBXGroup;
			children = (
				A73027D21AF202D4009D2281 /* BaseProvider.swift */,
				A73027D41AF2045D009D2281 /* BaseEventProvider.swift */,
				B210DAC01B0533F200850122 /* BaseSearchProvider.swift */,
				B210DABE1B0533BA00850122 /* EventSearchProvider.swift */,
				A73027D61AF20557009D2281 /* EventDetailViewControllerProvider.swift */,
				A70AAA9C1AF4A6C100E8B3F9 /* EventAttendeesViewControllerProvider.swift */,
				A70AAA9E1AF4B33C00E8B3F9 /* EventTableViewControllerProvider.swift */,
				A787233F1B0EB61B00059A58 /* LocationPickerProvider.swift */,
			);
			name = Providers;
			sourceTree = "<group>";
		};
		A78542B71AEA0D0B00DD1164 /* Images */ = {
			isa = PBXGroup;
			children = (
				A718E8E81AFC348700CE63B9 /* category-food.png */,
				A718E8E91AFC348700CE63B9 /* category-music.png */,
				A718E8EA1AFC348700CE63B9 /* category-other.png */,
				A718E8E41AFC347F00CE63B9 /* category-academic.png */,
				A718E8E51AFC347F00CE63B9 /* category-entertainment.png */,
				A7BB8A601AFC2ECA003DEC75 /* category-fitness.png */,
				B241B5CF1AF96EE8001BB17B /* icon-time.png */,
				A70AAA981AF49DF500E8B3F9 /* info.png */,
				A70AAA991AF49DF500E8B3F9 /* people.png */,
				A70AAA8E1AF4422400E8B3F9 /* icon-location.png */,
				A78542B81AEA0D2500DD1164 /* Beach.jpg */,
			);
			name = Images;
			sourceTree = "<group>";
		};
		A78AC73A1AF2A0EA00B10D46 /* Utilities */ = {
			isa = PBXGroup;
			children = (
				A70AAA921AF48DEE00E8B3F9 /* AF+Date+Extension.swift */,
				A78AC73B1AF2A12200B10D46 /* UIView+Extension.swift */,
				A7A4844F1AF2EC61005F9E2F /* GeneralUtility.swift */,
				A70AAA8C1AF379B900E8B3F9 /* UIColor+Extension.swift */,
				A70AAA901AF4520F00E8B3F9 /* SeparateTintSegmentedControl.swift */,
			);
			name = Utilities;
			sourceTree = "<group>";
		};
		B25560911AE19A0900EBEE8B = {
			isa = PBXGroup;
			children = (
				B25F15B31AE19F2E00BE181B /* Frameworks */,
				B255609C1AE19A0900EBEE8B /* Udder */,
				B25560B21AE19A0900EBEE8B /* UdderTests */,
				B255609B1AE19A0900EBEE8B /* Products */,
				2076E36EEDF9568A3E9DF7E1 /* Pods */,
			);
			sourceTree = "<group>";
		};
		B255609B1AE19A0900EBEE8B /* Products */ = {
			isa = PBXGroup;
			children = (
				B255609A1AE19A0900EBEE8B /* Udder.app */,
				B25560AF1AE19A0900EBEE8B /* UdderTests.xctest */,
			);
			name = Products;
			sourceTree = "<group>";
		};
		B255609C1AE19A0900EBEE8B /* Udder */ = {
			isa = PBXGroup;
			children = (
				B2AD19491AE1A25E0021DE33 /* UdderBridgingHeader.h */,
				B2BF29381AE9D42000D6714C /* Constants.swift */,
				B255609F1AE19A0900EBEE8B /* AppDelegate.swift */,
				A78542B71AEA0D0B00DD1164 /* Images */,
				B2BF29351AE9D38200D6714C /* Models */,
				B2BF292E1AE9D2C000D6714C /* Cells */,
				A73027D11AF202B2009D2281 /* Providers */,
				A78AC73A1AF2A0EA00B10D46 /* Utilities */,
				B2D5BB8C1AE1DDC80063126E /* ViewControllers */,
				B2D5BB8B1AE1DDC20063126E /* Views */,
				B25560A61AE19A0900EBEE8B /* Images.xcassets */,
				B25560A81AE19A0900EBEE8B /* LaunchScreen.xib */,
				B255609D1AE19A0900EBEE8B /* Supporting Files */,
			);
			path = Udder;
			sourceTree = "<group>";
		};
		B255609D1AE19A0900EBEE8B /* Supporting Files */ = {
			isa = PBXGroup;
			children = (
				B255609E1AE19A0900EBEE8B /* Info.plist */,
			);
			name = "Supporting Files";
			sourceTree = "<group>";
		};
		B25560B21AE19A0900EBEE8B /* UdderTests */ = {
			isa = PBXGroup;
			children = (
				A7B404971B157BA100DC1AFD /* EventModelTest.swift */,
				B247C1711B0E96AF001D0EB5 /* EventManagerModelTest.swift */,
				B247C1751B0FB9EE001D0EB5 /* ContactModelTest.swift */,
				B25560B51AE19A0900EBEE8B /* UdderTests.swift */,
				B23FD6BF1B0E7DE7003CCE93 /* EventTableViewCellTest.swift */,
				A7248B3E1B158A1200D64CA9 /* PlacesModelTest.swift */,
				B25560B31AE19A0900EBEE8B /* Supporting Files */,
			);
			path = UdderTests;
			sourceTree = "<group>";
		};
		B25560B31AE19A0900EBEE8B /* Supporting Files */ = {
			isa = PBXGroup;
			children = (
				B25560B41AE19A0900EBEE8B /* Info.plist */,
			);
			name = "Supporting Files";
			sourceTree = "<group>";
		};
		B25F15B31AE19F2E00BE181B /* Frameworks */ = {
			isa = PBXGroup;
			children = (
				B247C16F1B0E899F001D0EB5 /* Accounts.framework */,
				B29CC9631AE1A6B40035213D /* libstdc++.6.0.9.dylib */,
				B29CC9641AE1A6B40035213D /* libstdc++.dylib */,
				B25F15B11AE19F0800BE181B /* SystemConfiguration.framework */,
				B25F15AF1AE19DED00BE181B /* AVFoundation.framework */,
				B25F15AD1AE19DDD00BE181B /* Social.framework */,
				B25F15AB1AE19DB500BE181B /* libsqlite3.dylib */,
				B25F15A91AE19DA500BE181B /* AudioToolbox.framework */,
				B25F15A71AE19D7E00BE181B /* MobileCoreServices.framework */,
				B25F15A51AE19D7900BE181B /* CoreLocation.framework */,
				B25F15A31AE19D7400BE181B /* CoreGraphics.framework */,
				B25F15A11AE19D6A00BE181B /* CFNetwork.framework */,
				B25F159F1AE19D5C00BE181B /* QuartzCore.framework */,
				B25F15931AE19D4D00BE181B /* FacebookSDK.framework */,
				B25F15941AE19D4D00BE181B /* FBAudienceNetwork.framework */,
				B25F15951AE19D4D00BE181B /* Parse.framework */,
				B25F15961AE19D4D00BE181B /* ParseCrashReporting.framework */,
				B25F15971AE19D4D00BE181B /* ParseFacebookUtils.framework */,
				B25F15981AE19D4D00BE181B /* ParseUI.framework */,
				B3B33F21B4DA105929A47308 /* libPods-Udder.a */,
				16201F752B79D118EE62CB1F /* libPods-UdderTests.a */,
			);
			name = Frameworks;
			sourceTree = "<group>";
		};
		B2BF292E1AE9D2C000D6714C /* Cells */ = {
			isa = PBXGroup;
			children = (
				E1E6AF7D1B1643610093A0A1 /* EventCreationSubmitButtonTableViewCell.swift */,
				55B3A8281B02F94400614EA8 /* regularCell.swift */,
				55571E461AFC1435008AF1C3 /* textviewTableViewCell.swift */,
				5548ED1F1AFAA0110063F6E4 /* CatTableViewCell.swift */,
				5548ED201AFAA0110063F6E4 /* DateTableViewCell.swift */,
				5548ED211AFAA0110063F6E4 /* DescriptionEventCreationTableViewCell.swift */,
				5548ED221AFAA0110063F6E4 /* PrivateEventCreationTableViewCell.swift */,
				5548ED231AFAA0110063F6E4 /* RegEventCreationTableViewCell.swift */,
				5548ED241AFAA0110063F6E4 /* TimeTableViewCell.swift */,
				5548ED251AFAA0110063F6E4 /* WhereTableViewCell.swift */,
				55CA498B1AF9726E0066A7FF /* ButtonCreationEventTableViewCell.swift */,
				B2BF292F1AE9D32900D6714C /* EventTableViewCell.swift */,
				A74D9F901AF1EF6000B7C6C8 /* DescriptionTableViewCell.swift */,
				A73027D81AF210A0009D2281 /* LocationTableViewCell.swift */,
				A70AAA961AF4966200E8B3F9 /* TimeInfoTableViewCell.swift */,
				B2EF09F21AFC15F000A1B433 /* ContactCell.swift */,
				E1DB02361B0550580027AFF0 /* AttendeesTableViewCell.swift */,
				A78723431B0EEF7400059A58 /* LocationPickerTableViewCell.swift */,
			);
			name = Cells;
			sourceTree = "<group>";
		};
		B2BF29351AE9D38200D6714C /* Models */ = {
			isa = PBXGroup;
			children = (
				A725CDD31B054ED700C930F5 /* InvitationModel.swift */,
				B2BF29361AE9D3E200D6714C /* BaseModel.swift */,
				A72068AB1AE9DFBD00037D06 /* EventModel.swift */,
				A7BFC1331AE9FB5A00C19459 /* EventManagerModel.swift */,
				B23AF74A1AF732CB00E32212 /* ContactModel.swift */,
				55AF9D0F1B0531D500AE7216 /* PlacesModel.swift */,
				A78723411B0EB74E00059A58 /* LocationPickerModel.swift */,
			);
			name = Models;
			sourceTree = "<group>";
		};
		B2D5BB8B1AE1DDC20063126E /* Views */ = {
			isa = PBXGroup;
			children = (
				E1E6AF7F1B16436F0093A0A1 /* EventCreationSubmitButtonTableViewCell.xib */,
				551BBF901B10739500309C8E /* editViewController.xib */,
				55B3A8261B02F93800614EA8 /* regularCell.xib */,
				E1DB023A1B0550A50027AFF0 /* AttendeesTableViewCell.xib */,
				3487C5171AFC411800C8BA90 /* ValidationViewController.xib */,
				55571E441AFC1414008AF1C3 /* textviewTableViewCell.xib */,
				5548ED2D1AFAA0300063F6E4 /* CatTableViewCell.xib */,
				5548ED2E1AFAA0300063F6E4 /* DateTableViewCell.xib */,
				5548ED2F1AFAA0300063F6E4 /* DescriptionEventCreationTableViewCell.xib */,
				5548ED301AFAA0300063F6E4 /* EventViewController.xib */,
				5548ED311AFAA0300063F6E4 /* PrivateEventCreationTableViewCell.xib */,
				5548ED321AFAA0300063F6E4 /* RegEventCreationTableViewCell.xib */,
				5548ED331AFAA0300063F6E4 /* TimeTableViewCell.xib */,
				5548ED341AFAA0300063F6E4 /* WhereTableViewCell.xib */,
				5548ED351AFAA0300063F6E4 /* WholeViewController.xib */,
				348E20AF1AF97D57003BDB1F /* PhoneNumberViewController.xib */,
				B2408BE81AF54CD800568B0C /* InviteContactTableViewController.xib */,
				E12F8F7E1AEED69800EA0BBA /* LoginViewController.xib */,
				E12F8F7B1AEED40100EA0BBA /* ViewController.xib */,
				E17571711AEAD31C00E92F07 /* EventsNearMeViewController.xib */,
				E17571721AEAD31C00E92F07 /* MyEventsViewController.xib */,
				E17571731AEAD31C00E92F07 /* PendingInvitationsViewController.xib */,
				E17571741AEAD31C00E92F07 /* UpcomingEventsViewController.xib */,
				A74D9F921AF1EF8200B7C6C8 /* DescriptionTableViewCell.xib */,
				A78542BA1AEA0F3B00DD1164 /* EventDetailViewController.xib */,
				B2BF29331AE9D35B00D6714C /* EventTableViewCell.xib */,
				B2446F451AE2098C006C37F9 /* EventTableViewController.xib */,
				B2D5BB911AE1DDE00063126E /* SideMenuViewController.xib */,
				A73027DA1AF210B8009D2281 /* LocationTableViewCell.xib */,
				A70AAA941AF4929900E8B3F9 /* TimeInfoTableViewCell.xib */,
				A787233D1B0E904D00059A58 /* LocationPickerViewController.xib */,
				A78723451B0EEFA500059A58 /* LocationPickerTableViewCell.xib */,
			);
			name = Views;
			sourceTree = "<group>";
		};
		B2D5BB8C1AE1DDC80063126E /* ViewControllers */ = {
			isa = PBXGroup;
			children = (
				551BBF8E1B10738B00309C8E /* editViewController.swift */,
				A787233B1B0E901900059A58 /* LocationPickerViewController.swift */,
				348E20B11AF97D7B003BDB1F /* PhoneNumberViewController.swift */,
				3487C5151AFC410E00C8BA90 /* ValidationViewController.swift */,
				B2446F411AE20967006C37F9 /* EventTableViewController.swift */,
				5548ED1D1AFA9FFB0063F6E4 /* WholeViewController.swift */,
				A78542B31AEA0B0600DD1164 /* EventDetailViewController.swift */,
				B2D5BB8D1AE1DDD40063126E /* SideMenuViewController.swift */,
				B2D5BB8E1AE1DDD40063126E /* ViewController.swift */,
				E10200E11AEA076B007A2F8F /* LoginViewController.swift */,
				E17571611AEAD24100E92F07 /* MyEventsViewController.swift */,
				E17571651AEAD25900E92F07 /* UpcomingEventsViewController.swift */,
				E17571691AEAD27A00E92F07 /* EventsNearMeViewController.swift */,
				E175716D1AEAD2CB00E92F07 /* PendingInvitationsViewController.swift */,
				A70AAAA01AF4BA1B00E8B3F9 /* BaseViewController.swift */,
				A71E69CE1B05333900F59E9D /* BaseEventTableViewController.swift */,
				B2408BE41AF54CB300568B0C /* InviteContactTableViewController.swift */,
			);
			name = ViewControllers;
			sourceTree = "<group>";
		};
/* End PBXGroup section */

/* Begin PBXNativeTarget section */
		B25560991AE19A0900EBEE8B /* Udder */ = {
			isa = PBXNativeTarget;
			buildConfigurationList = B25560B91AE19A0900EBEE8B /* Build configuration list for PBXNativeTarget "Udder" */;
			buildPhases = (
				A94C10CB7DC47FF52A7AA841 /* Check Pods Manifest.lock */,
				B25560961AE19A0900EBEE8B /* Sources */,
				B25560971AE19A0900EBEE8B /* Frameworks */,
				B25560981AE19A0900EBEE8B /* Resources */,
				6ECDDE84E2844588B09E692D /* Copy Pods Resources */,
			);
			buildRules = (
			);
			dependencies = (
			);
			name = Udder;
			productName = Udder;
			productReference = B255609A1AE19A0900EBEE8B /* Udder.app */;
			productType = "com.apple.product-type.application";
		};
		B25560AE1AE19A0900EBEE8B /* UdderTests */ = {
			isa = PBXNativeTarget;
			buildConfigurationList = B25560BC1AE19A0900EBEE8B /* Build configuration list for PBXNativeTarget "UdderTests" */;
			buildPhases = (
				9FF6CAA67037AF65DF2C7EBE /* Check Pods Manifest.lock */,
				B25560AB1AE19A0900EBEE8B /* Sources */,
				B25560AC1AE19A0900EBEE8B /* Frameworks */,
				B25560AD1AE19A0900EBEE8B /* Resources */,
				B269DB445F63F529517D5315 /* Copy Pods Resources */,
			);
			buildRules = (
			);
			dependencies = (
				B25560B11AE19A0900EBEE8B /* PBXTargetDependency */,
			);
			name = UdderTests;
			productName = UdderTests;
			productReference = B25560AF1AE19A0900EBEE8B /* UdderTests.xctest */;
			productType = "com.apple.product-type.bundle.unit-test";
		};
/* End PBXNativeTarget section */

/* Begin PBXProject section */
		B25560921AE19A0900EBEE8B /* Project object */ = {
			isa = PBXProject;
			attributes = {
				LastUpgradeCheck = 0630;
				ORGANIZATIONNAME = UCLA;
				TargetAttributes = {
					B25560991AE19A0900EBEE8B = {
						CreatedOnToolsVersion = 6.3;
					};
					B25560AE1AE19A0900EBEE8B = {
						CreatedOnToolsVersion = 6.3;
						TestTargetID = B25560991AE19A0900EBEE8B;
					};
				};
			};
			buildConfigurationList = B25560951AE19A0900EBEE8B /* Build configuration list for PBXProject "Udder" */;
			compatibilityVersion = "Xcode 3.2";
			developmentRegion = English;
			hasScannedForEncodings = 0;
			knownRegions = (
				en,
				Base,
			);
			mainGroup = B25560911AE19A0900EBEE8B;
			productRefGroup = B255609B1AE19A0900EBEE8B /* Products */;
			projectDirPath = "";
			projectRoot = "";
			targets = (
				B25560991AE19A0900EBEE8B /* Udder */,
				B25560AE1AE19A0900EBEE8B /* UdderTests */,
			);
		};
/* End PBXProject section */

/* Begin PBXResourcesBuildPhase section */
		B25560981AE19A0900EBEE8B /* Resources */ = {
			isa = PBXResourcesBuildPhase;
			buildActionMask = 2147483647;
			files = (
				551BBF911B10739500309C8E /* editViewController.xib in Resources */,
				348E20B01AF97D57003BDB1F /* PhoneNumberViewController.xib in Resources */,
				B2BF29341AE9D35B00D6714C /* EventTableViewCell.xib in Resources */,
				A787233E1B0E904D00059A58 /* LocationPickerViewController.xib in Resources */,
				5548ED3B1AFAA0300063F6E4 /* RegEventCreationTableViewCell.xib in Resources */,
				A73027DB1AF210B8009D2281 /* LocationTableViewCell.xib in Resources */,
				B2446F461AE2098C006C37F9 /* EventTableViewController.xib in Resources */,
				A78542BB1AEA0F3B00DD1164 /* EventDetailViewController.xib in Resources */,
				B241B5D01AF96EE8001BB17B /* icon-time.png in Resources */,
				B25560AA1AE19A0900EBEE8B /* LaunchScreen.xib in Resources */,
				5548ED391AFAA0300063F6E4 /* EventViewController.xib in Resources */,
				5548ED371AFAA0300063F6E4 /* DateTableViewCell.xib in Resources */,
				A78542B91AEA0D2500DD1164 /* Beach.jpg in Resources */,
				B2408BE91AF54CD800568B0C /* InviteContactTableViewController.xib in Resources */,
				A74D9F931AF1EF8200B7C6C8 /* DescriptionTableViewCell.xib in Resources */,
				55571E451AFC1414008AF1C3 /* textviewTableViewCell.xib in Resources */,
				A70AAA9B1AF49DF500E8B3F9 /* people.png in Resources */,
				A7BB8A611AFC2ECA003DEC75 /* category-fitness.png in Resources */,
				A70AAA9A1AF49DF500E8B3F9 /* info.png in Resources */,
				5548ED3D1AFAA0300063F6E4 /* WhereTableViewCell.xib in Resources */,
				A78723461B0EEFA500059A58 /* LocationPickerTableViewCell.xib in Resources */,
				E1E6AF801B16436F0093A0A1 /* EventCreationSubmitButtonTableViewCell.xib in Resources */,
				B25560A71AE19A0900EBEE8B /* Images.xcassets in Resources */,
				5548ED3E1AFAA0300063F6E4 /* WholeViewController.xib in Resources */,
				E17571751AEAD31C00E92F07 /* EventsNearMeViewController.xib in Resources */,
				E17571771AEAD31C00E92F07 /* PendingInvitationsViewController.xib in Resources */,
				3487C5181AFC411800C8BA90 /* ValidationViewController.xib in Resources */,
				A718E8EB1AFC348700CE63B9 /* category-food.png in Resources */,
				E12F8F7D1AEED40100EA0BBA /* ViewController.xib in Resources */,
				B2D5BB931AE1DDE00063126E /* SideMenuViewController.xib in Resources */,
				A718E8ED1AFC348700CE63B9 /* category-other.png in Resources */,
				A718E8E61AFC347F00CE63B9 /* category-academic.png in Resources */,
				A70AAA8F1AF4422400E8B3F9 /* icon-location.png in Resources */,
				E17571781AEAD31C00E92F07 /* UpcomingEventsViewController.xib in Resources */,
				A70AAA951AF4929900E8B3F9 /* TimeInfoTableViewCell.xib in Resources */,
				5548ED361AFAA0300063F6E4 /* CatTableViewCell.xib in Resources */,
				A718E8EC1AFC348700CE63B9 /* category-music.png in Resources */,
				E12F8F7F1AEED69800EA0BBA /* LoginViewController.xib in Resources */,
				55B3A8271B02F93800614EA8 /* regularCell.xib in Resources */,
				5548ED3C1AFAA0300063F6E4 /* TimeTableViewCell.xib in Resources */,
				E1DB023B1B0550A50027AFF0 /* AttendeesTableViewCell.xib in Resources */,
				5548ED381AFAA0300063F6E4 /* DescriptionEventCreationTableViewCell.xib in Resources */,
				5548ED3A1AFAA0300063F6E4 /* PrivateEventCreationTableViewCell.xib in Resources */,
				A718E8E71AFC347F00CE63B9 /* category-entertainment.png in Resources */,
				E17571761AEAD31C00E92F07 /* MyEventsViewController.xib in Resources */,
			);
			runOnlyForDeploymentPostprocessing = 0;
		};
		B25560AD1AE19A0900EBEE8B /* Resources */ = {
			isa = PBXResourcesBuildPhase;
			buildActionMask = 2147483647;
			files = (
			);
			runOnlyForDeploymentPostprocessing = 0;
		};
/* End PBXResourcesBuildPhase section */

/* Begin PBXShellScriptBuildPhase section */
		6ECDDE84E2844588B09E692D /* Copy Pods Resources */ = {
			isa = PBXShellScriptBuildPhase;
			buildActionMask = 2147483647;
			files = (
			);
			inputPaths = (
			);
			name = "Copy Pods Resources";
			outputPaths = (
			);
			runOnlyForDeploymentPostprocessing = 0;
			shellPath = /bin/sh;
			shellScript = "\"${SRCROOT}/Pods/Target Support Files/Pods-Udder/Pods-Udder-resources.sh\"\n";
			showEnvVarsInLog = 0;
		};
		9FF6CAA67037AF65DF2C7EBE /* Check Pods Manifest.lock */ = {
			isa = PBXShellScriptBuildPhase;
			buildActionMask = 2147483647;
			files = (
			);
			inputPaths = (
			);
			name = "Check Pods Manifest.lock";
			outputPaths = (
			);
			runOnlyForDeploymentPostprocessing = 0;
			shellPath = /bin/sh;
			shellScript = "diff \"${PODS_ROOT}/../Podfile.lock\" \"${PODS_ROOT}/Manifest.lock\" > /dev/null\nif [[ $? != 0 ]] ; then\n    cat << EOM\nerror: The sandbox is not in sync with the Podfile.lock. Run 'pod install' or update your CocoaPods installation.\nEOM\n    exit 1\nfi\n";
			showEnvVarsInLog = 0;
		};
		A94C10CB7DC47FF52A7AA841 /* Check Pods Manifest.lock */ = {
			isa = PBXShellScriptBuildPhase;
			buildActionMask = 2147483647;
			files = (
			);
			inputPaths = (
			);
			name = "Check Pods Manifest.lock";
			outputPaths = (
			);
			runOnlyForDeploymentPostprocessing = 0;
			shellPath = /bin/sh;
			shellScript = "diff \"${PODS_ROOT}/../Podfile.lock\" \"${PODS_ROOT}/Manifest.lock\" > /dev/null\nif [[ $? != 0 ]] ; then\n    cat << EOM\nerror: The sandbox is not in sync with the Podfile.lock. Run 'pod install' or update your CocoaPods installation.\nEOM\n    exit 1\nfi\n";
			showEnvVarsInLog = 0;
		};
		B269DB445F63F529517D5315 /* Copy Pods Resources */ = {
			isa = PBXShellScriptBuildPhase;
			buildActionMask = 2147483647;
			files = (
			);
			inputPaths = (
			);
			name = "Copy Pods Resources";
			outputPaths = (
			);
			runOnlyForDeploymentPostprocessing = 0;
			shellPath = /bin/sh;
			shellScript = "\"${SRCROOT}/Pods/Target Support Files/Pods-UdderTests/Pods-UdderTests-resources.sh\"\n";
			showEnvVarsInLog = 0;
		};
/* End PBXShellScriptBuildPhase section */

/* Begin PBXSourcesBuildPhase section */
		B25560961AE19A0900EBEE8B /* Sources */ = {
			isa = PBXSourcesBuildPhase;
			buildActionMask = 2147483647;
			files = (
				B2BF29371AE9D3E200D6714C /* BaseModel.swift in Sources */,
				5548ED2C1AFAA0110063F6E4 /* WhereTableViewCell.swift in Sources */,
				E175716F1AEAD2CB00E92F07 /* PendingInvitationsViewController.swift in Sources */,
				E1DB02381B0550580027AFF0 /* AttendeesTableViewCell.swift in Sources */,
				5548ED281AFAA0110063F6E4 /* DescriptionEventCreationTableViewCell.swift in Sources */,
				B23AF74B1AF732CB00E32212 /* ContactModel.swift in Sources */,
				5548ED2B1AFAA0110063F6E4 /* TimeTableViewCell.swift in Sources */,
				5548ED2A1AFAA0110063F6E4 /* RegEventCreationTableViewCell.swift in Sources */,
				551BBF8F1B10738B00309C8E /* editViewController.swift in Sources */,
				E1E6AF7E1B1643610093A0A1 /* EventCreationSubmitButtonTableViewCell.swift in Sources */,
				55571E471AFC1435008AF1C3 /* textviewTableViewCell.swift in Sources */,
				A71E69CF1B05333900F59E9D /* BaseEventTableViewController.swift in Sources */,
				5548ED271AFAA0110063F6E4 /* DateTableViewCell.swift in Sources */,
				55B3A8291B02F94400614EA8 /* regularCell.swift in Sources */,
				A70AAA9D1AF4A6C100E8B3F9 /* EventAttendeesViewControllerProvider.swift in Sources */,
				5548ED1E1AFA9FFB0063F6E4 /* WholeViewController.swift in Sources */,
				B2D5BB901AE1DDD40063126E /* ViewController.swift in Sources */,
				A74D9F911AF1EF6000B7C6C8 /* DescriptionTableViewCell.swift in Sources */,
				B2EF09F31AFC15F000A1B433 /* ContactCell.swift in Sources */,
				5548ED261AFAA0110063F6E4 /* CatTableViewCell.swift in Sources */,
				A78723441B0EEF7400059A58 /* LocationPickerTableViewCell.swift in Sources */,
				B210DABF1B0533BA00850122 /* EventSearchProvider.swift in Sources */,
				A73027D51AF2045D009D2281 /* BaseEventProvider.swift in Sources */,
				B2D5BB8F1AE1DDD40063126E /* SideMenuViewController.swift in Sources */,
				B2408BE61AF54CB300568B0C /* InviteContactTableViewController.swift in Sources */,
				55AF9D101B0531D500AE7216 /* PlacesModel.swift in Sources */,
				A78723401B0EB61B00059A58 /* LocationPickerProvider.swift in Sources */,
				B210DAC11B0533F200850122 /* BaseSearchProvider.swift in Sources */,
				A70AAA911AF4520F00E8B3F9 /* SeparateTintSegmentedControl.swift in Sources */,
				3487C5161AFC410E00C8BA90 /* ValidationViewController.swift in Sources */,
				A73027D91AF210A0009D2281 /* LocationTableViewCell.swift in Sources */,
				A78AC73C1AF2A12200B10D46 /* UIView+Extension.swift in Sources */,
				A73027D31AF202D4009D2281 /* BaseProvider.swift in Sources */,
				E175716B1AEAD27A00E92F07 /* EventsNearMeViewController.swift in Sources */,
				A7BFC1341AE9FB5A00C19459 /* EventManagerModel.swift in Sources */,
				A787233C1B0E901900059A58 /* LocationPickerViewController.swift in Sources */,
				A7A484501AF2EC61005F9E2F /* GeneralUtility.swift in Sources */,
				A78723421B0EB74E00059A58 /* LocationPickerModel.swift in Sources */,
				B2446F431AE20967006C37F9 /* EventTableViewController.swift in Sources */,
				E10200E31AEA076B007A2F8F /* LoginViewController.swift in Sources */,
				B2BF29391AE9D42000D6714C /* Constants.swift in Sources */,
				E17571671AEAD25900E92F07 /* UpcomingEventsViewController.swift in Sources */,
				A78542B41AEA0B0600DD1164 /* EventDetailViewController.swift in Sources */,
				A70AAA8D1AF379B900E8B3F9 /* UIColor+Extension.swift in Sources */,
				B2BF29311AE9D32900D6714C /* EventTableViewCell.swift in Sources */,
				348E20B21AF97D7B003BDB1F /* PhoneNumberViewController.swift in Sources */,
				55CA498C1AF9726E0066A7FF /* ButtonCreationEventTableViewCell.swift in Sources */,
				A72068AC1AE9DFBD00037D06 /* EventModel.swift in Sources */,
				B25560A01AE19A0900EBEE8B /* AppDelegate.swift in Sources */,
				A70AAA971AF4966200E8B3F9 /* TimeInfoTableViewCell.swift in Sources */,
				A70AAA9F1AF4B33C00E8B3F9 /* EventTableViewControllerProvider.swift in Sources */,
				A725CDD41B054ED700C930F5 /* InvitationModel.swift in Sources */,
				E17571631AEAD24100E92F07 /* MyEventsViewController.swift in Sources */,
				A73027D71AF20557009D2281 /* EventDetailViewControllerProvider.swift in Sources */,
				A70AAA931AF48DEE00E8B3F9 /* AF+Date+Extension.swift in Sources */,
				A70AAAA11AF4BA1B00E8B3F9 /* BaseViewController.swift in Sources */,
				5548ED291AFAA0110063F6E4 /* PrivateEventCreationTableViewCell.swift in Sources */,
			);
			runOnlyForDeploymentPostprocessing = 0;
		};
		B25560AB1AE19A0900EBEE8B /* Sources */ = {
			isa = PBXSourcesBuildPhase;
			buildActionMask = 2147483647;
			files = (
				B247C1731B0E96C9001D0EB5 /* EventManagerModel.swift in Sources */,
				B23FD6C01B0E7DE7003CCE93 /* EventTableViewCellTest.swift in Sources */,
				B247C1631B0E831B001D0EB5 /* EventModel.swift in Sources */,
				B25560B61AE19A0900EBEE8B /* UdderTests.swift in Sources */,
				B247C1661B0E847D001D0EB5 /* InvitationModel.swift in Sources */,
				B2F34CD41B0FBF3300C2920D /* PlacesModel.swift in Sources */,
				B247C1651B0E8476001D0EB5 /* BaseModel.swift in Sources */,
				A7248B3F1B158A1200D64CA9 /* PlacesModelTest.swift in Sources */,
				B247C1681B0E88AA001D0EB5 /* Constants.swift in Sources */,
				B247C1741B0E982D001D0EB5 /* AF+Date+Extension.swift in Sources */,
				B247C1761B0FB9EE001D0EB5 /* ContactModelTest.swift in Sources */,
				B247C1721B0E96AF001D0EB5 /* EventManagerModelTest.swift in Sources */,
				A7B404981B157BA100DC1AFD /* EventModelTest.swift in Sources */,
				B247C1771B0FBA0B001D0EB5 /* ContactModel.swift in Sources */,
			);
			runOnlyForDeploymentPostprocessing = 0;
		};
/* End PBXSourcesBuildPhase section */

/* Begin PBXTargetDependency section */
		B25560B11AE19A0900EBEE8B /* PBXTargetDependency */ = {
			isa = PBXTargetDependency;
			target = B25560991AE19A0900EBEE8B /* Udder */;
			targetProxy = B25560B01AE19A0900EBEE8B /* PBXContainerItemProxy */;
		};
/* End PBXTargetDependency section */

/* Begin PBXVariantGroup section */
		B25560A81AE19A0900EBEE8B /* LaunchScreen.xib */ = {
			isa = PBXVariantGroup;
			children = (
				B25560A91AE19A0900EBEE8B /* Base */,
			);
			name = LaunchScreen.xib;
			sourceTree = "<group>";
		};
/* End PBXVariantGroup section */

/* Begin XCBuildConfiguration section */
		B25560B71AE19A0900EBEE8B /* Debug */ = {
			isa = XCBuildConfiguration;
			buildSettings = {
				ALWAYS_SEARCH_USER_PATHS = NO;
				CLANG_CXX_LANGUAGE_STANDARD = "gnu++0x";
				CLANG_CXX_LIBRARY = "libc++";
				CLANG_ENABLE_MODULES = YES;
				CLANG_ENABLE_OBJC_ARC = YES;
				CLANG_WARN_BOOL_CONVERSION = YES;
				CLANG_WARN_CONSTANT_CONVERSION = YES;
				CLANG_WARN_DIRECT_OBJC_ISA_USAGE = YES_ERROR;
				CLANG_WARN_EMPTY_BODY = YES;
				CLANG_WARN_ENUM_CONVERSION = YES;
				CLANG_WARN_INT_CONVERSION = YES;
				CLANG_WARN_OBJC_ROOT_CLASS = YES_ERROR;
				CLANG_WARN_UNREACHABLE_CODE = YES;
				CLANG_WARN__DUPLICATE_METHOD_MATCH = YES;
				"CODE_SIGN_IDENTITY[sdk=iphoneos*]" = "iPhone Developer";
				COPY_PHASE_STRIP = NO;
				DEBUG_INFORMATION_FORMAT = "dwarf-with-dsym";
				ENABLE_STRICT_OBJC_MSGSEND = YES;
				GCC_C_LANGUAGE_STANDARD = gnu99;
				GCC_DYNAMIC_NO_PIC = NO;
				GCC_NO_COMMON_BLOCKS = YES;
				GCC_OPTIMIZATION_LEVEL = 0;
				GCC_PREPROCESSOR_DEFINITIONS = (
					"DEBUG=1",
					"$(inherited)",
				);
				GCC_SYMBOLS_PRIVATE_EXTERN = NO;
				GCC_WARN_64_TO_32_BIT_CONVERSION = YES;
				GCC_WARN_ABOUT_RETURN_TYPE = YES_ERROR;
				GCC_WARN_UNDECLARED_SELECTOR = YES;
				GCC_WARN_UNINITIALIZED_AUTOS = YES_AGGRESSIVE;
				GCC_WARN_UNUSED_FUNCTION = YES;
				GCC_WARN_UNUSED_VARIABLE = YES;
				IPHONEOS_DEPLOYMENT_TARGET = 8.0;
				MTL_ENABLE_DEBUG_INFO = YES;
				ONLY_ACTIVE_ARCH = YES;
				SDKROOT = iphoneos;
				SWIFT_OPTIMIZATION_LEVEL = "-Onone";
			};
			name = Debug;
		};
		B25560B81AE19A0900EBEE8B /* Release */ = {
			isa = XCBuildConfiguration;
			buildSettings = {
				ALWAYS_SEARCH_USER_PATHS = NO;
				CLANG_CXX_LANGUAGE_STANDARD = "gnu++0x";
				CLANG_CXX_LIBRARY = "libc++";
				CLANG_ENABLE_MODULES = YES;
				CLANG_ENABLE_OBJC_ARC = YES;
				CLANG_WARN_BOOL_CONVERSION = YES;
				CLANG_WARN_CONSTANT_CONVERSION = YES;
				CLANG_WARN_DIRECT_OBJC_ISA_USAGE = YES_ERROR;
				CLANG_WARN_EMPTY_BODY = YES;
				CLANG_WARN_ENUM_CONVERSION = YES;
				CLANG_WARN_INT_CONVERSION = YES;
				CLANG_WARN_OBJC_ROOT_CLASS = YES_ERROR;
				CLANG_WARN_UNREACHABLE_CODE = YES;
				CLANG_WARN__DUPLICATE_METHOD_MATCH = YES;
				"CODE_SIGN_IDENTITY[sdk=iphoneos*]" = "iPhone Developer";
				COPY_PHASE_STRIP = NO;
				DEBUG_INFORMATION_FORMAT = "dwarf-with-dsym";
				ENABLE_NS_ASSERTIONS = NO;
				ENABLE_STRICT_OBJC_MSGSEND = YES;
				GCC_C_LANGUAGE_STANDARD = gnu99;
				GCC_NO_COMMON_BLOCKS = YES;
				GCC_WARN_64_TO_32_BIT_CONVERSION = YES;
				GCC_WARN_ABOUT_RETURN_TYPE = YES_ERROR;
				GCC_WARN_UNDECLARED_SELECTOR = YES;
				GCC_WARN_UNINITIALIZED_AUTOS = YES_AGGRESSIVE;
				GCC_WARN_UNUSED_FUNCTION = YES;
				GCC_WARN_UNUSED_VARIABLE = YES;
				IPHONEOS_DEPLOYMENT_TARGET = 8.0;
				MTL_ENABLE_DEBUG_INFO = NO;
				SDKROOT = iphoneos;
				VALIDATE_PRODUCT = YES;
			};
			name = Release;
		};
		B25560BA1AE19A0900EBEE8B /* Debug */ = {
			isa = XCBuildConfiguration;
			baseConfigurationReference = C7502EDFD18E46DBF1E2F0C7 /* Pods-Udder.debug.xcconfig */;
			buildSettings = {
				ASSETCATALOG_COMPILER_APPICON_NAME = AppIcon;
				CODE_SIGN_IDENTITY = "iPhone Developer";
				"CODE_SIGN_IDENTITY[sdk=iphoneos*]" = "iPhone Developer";
				FRAMEWORK_SEARCH_PATHS = (
					"$(inherited)",
					"$(PROJECT_DIR)",
				);
				HEADER_SEARCH_PATHS = (
					"$(inherited)",
					"\"${PODS_ROOT}/Headers/Public\"",
					"\"${PODS_ROOT}/Headers/Public/MFSideMenu\"",
				);
				INFOPLIST_FILE = Udder/Info.plist;
				IPHONEOS_DEPLOYMENT_TARGET = 8.0;
				LD_RUNPATH_SEARCH_PATHS = "$(inherited) @executable_path/Frameworks";
				PRODUCT_NAME = "$(TARGET_NAME)";
				PROVISIONING_PROFILE = "";
				SWIFT_OBJC_BRIDGING_HEADER = "$(PROJECT_DIR)/Udder/UdderBridgingHeader.h";
			};
			name = Debug;
		};
		B25560BB1AE19A0900EBEE8B /* Release */ = {
			isa = XCBuildConfiguration;
			baseConfigurationReference = 1757CA4C60A32A2C80BE1541 /* Pods-Udder.release.xcconfig */;
			buildSettings = {
				ASSETCATALOG_COMPILER_APPICON_NAME = AppIcon;
				CODE_SIGN_IDENTITY = "iPhone Developer";
				"CODE_SIGN_IDENTITY[sdk=iphoneos*]" = "iPhone Developer";
				FRAMEWORK_SEARCH_PATHS = (
					"$(inherited)",
					"$(PROJECT_DIR)",
				);
				HEADER_SEARCH_PATHS = (
					"$(inherited)",
					"\"${PODS_ROOT}/Headers/Public\"",
					"\"${PODS_ROOT}/Headers/Public/MFSideMenu\"",
				);
				INFOPLIST_FILE = Udder/Info.plist;
				IPHONEOS_DEPLOYMENT_TARGET = 8.0;
				LD_RUNPATH_SEARCH_PATHS = "$(inherited) @executable_path/Frameworks";
				PRODUCT_NAME = "$(TARGET_NAME)";
				PROVISIONING_PROFILE = "";
				SWIFT_OBJC_BRIDGING_HEADER = "$(PROJECT_DIR)/Udder/UdderBridgingHeader.h";
			};
			name = Release;
		};
		B25560BD1AE19A0900EBEE8B /* Debug */ = {
			isa = XCBuildConfiguration;
			baseConfigurationReference = F4E31BB04A3FC700DAAE2644 /* Pods-UdderTests.debug.xcconfig */;
			buildSettings = {
				BUNDLE_LOADER = "$(TEST_HOST)";
				CODE_SIGN_IDENTITY = "iPhone Developer";
				"CODE_SIGN_IDENTITY[sdk=iphoneos*]" = "iPhone Developer";
				FRAMEWORK_SEARCH_PATHS = (
					"$(SDKROOT)/Developer/Library/Frameworks",
					"$(inherited)",
					"$(PROJECT_DIR)",
				);
				GCC_PREPROCESSOR_DEFINITIONS = (
					"DEBUG=1",
					"$(inherited)",
				);
				INFOPLIST_FILE = UdderTests/Info.plist;
				LD_RUNPATH_SEARCH_PATHS = "$(inherited) @executable_path/Frameworks @loader_path/Frameworks";
				PRODUCT_NAME = "$(TARGET_NAME)";
				PROVISIONING_PROFILE = "";
				SWIFT_OBJC_BRIDGING_HEADER = "$(PROJECT_DIR)/Udder/UdderBridgingHeader.h";
				TEST_HOST = "$(BUILT_PRODUCTS_DIR)/Udder.app/Udder";
			};
			name = Debug;
		};
		B25560BE1AE19A0900EBEE8B /* Release */ = {
			isa = XCBuildConfiguration;
			baseConfigurationReference = 2CAA23FFF676B6CAA9F23964 /* Pods-UdderTests.release.xcconfig */;
			buildSettings = {
				BUNDLE_LOADER = "$(TEST_HOST)";
				CODE_SIGN_IDENTITY = "iPhone Developer";
				"CODE_SIGN_IDENTITY[sdk=iphoneos*]" = "iPhone Developer";
				FRAMEWORK_SEARCH_PATHS = (
					"$(SDKROOT)/Developer/Library/Frameworks",
					"$(inherited)",
					"$(PROJECT_DIR)",
				);
				INFOPLIST_FILE = UdderTests/Info.plist;
				LD_RUNPATH_SEARCH_PATHS = "$(inherited) @executable_path/Frameworks @loader_path/Frameworks";
				PRODUCT_NAME = "$(TARGET_NAME)";
				PROVISIONING_PROFILE = "";
				SWIFT_OBJC_BRIDGING_HEADER = "$(PROJECT_DIR)/Udder/UdderBridgingHeader.h";
				TEST_HOST = "$(BUILT_PRODUCTS_DIR)/Udder.app/Udder";
			};
			name = Release;
		};
/* End XCBuildConfiguration section */

/* Begin XCConfigurationList section */
		B25560951AE19A0900EBEE8B /* Build configuration list for PBXProject "Udder" */ = {
			isa = XCConfigurationList;
			buildConfigurations = (
				B25560B71AE19A0900EBEE8B /* Debug */,
				B25560B81AE19A0900EBEE8B /* Release */,
			);
			defaultConfigurationIsVisible = 0;
			defaultConfigurationName = Release;
		};
		B25560B91AE19A0900EBEE8B /* Build configuration list for PBXNativeTarget "Udder" */ = {
			isa = XCConfigurationList;
			buildConfigurations = (
				B25560BA1AE19A0900EBEE8B /* Debug */,
				B25560BB1AE19A0900EBEE8B /* Release */,
			);
			defaultConfigurationIsVisible = 0;
			defaultConfigurationName = Release;
		};
		B25560BC1AE19A0900EBEE8B /* Build configuration list for PBXNativeTarget "UdderTests" */ = {
			isa = XCConfigurationList;
			buildConfigurations = (
				B25560BD1AE19A0900EBEE8B /* Debug */,
				B25560BE1AE19A0900EBEE8B /* Release */,
			);
			defaultConfigurationIsVisible = 0;
			defaultConfigurationName = Release;
		};
/* End XCConfigurationList section */
	};
	rootObject = B25560921AE19A0900EBEE8B /* Project object */;
}
