// !$*UTF8*$!
{
	archiveVersion = 1;
	classes = {
	};
	objectVersion = 46;
	objects = {

/* Begin PBXBuildFile section */
		9FD7F336EB61C7CC5ACBF799 /* libPods-Udder.a in Frameworks */ = {isa = PBXBuildFile; fileRef = B3B33F21B4DA105929A47308 /* libPods-Udder.a */; };
		A72068AC1AE9DFBD00037D06 /* EventModel.swift in Sources */ = {isa = PBXBuildFile; fileRef = A72068AB1AE9DFBD00037D06 /* EventModel.swift */; };
		A73027D31AF202D4009D2281 /* BaseProvider.swift in Sources */ = {isa = PBXBuildFile; fileRef = A73027D21AF202D4009D2281 /* BaseProvider.swift */; };
		A73027D51AF2045D009D2281 /* BaseEventProvider.swift in Sources */ = {isa = PBXBuildFile; fileRef = A73027D41AF2045D009D2281 /* BaseEventProvider.swift */; };
		A73027D71AF20557009D2281 /* EventDetailViewControllerProvider.swift in Sources */ = {isa = PBXBuildFile; fileRef = A73027D61AF20557009D2281 /* EventDetailViewControllerProvider.swift */; };
		A73027D91AF210A0009D2281 /* LocationTableViewCell.swift in Sources */ = {isa = PBXBuildFile; fileRef = A73027D81AF210A0009D2281 /* LocationTableViewCell.swift */; };
		A73027DB1AF210B8009D2281 /* LocationTableViewCell.xib in Resources */ = {isa = PBXBuildFile; fileRef = A73027DA1AF210B8009D2281 /* LocationTableViewCell.xib */; };
		A74D9F911AF1EF6000B7C6C8 /* DescriptionTableViewCell.swift in Sources */ = {isa = PBXBuildFile; fileRef = A74D9F901AF1EF6000B7C6C8 /* DescriptionTableViewCell.swift */; };
		A74D9F931AF1EF8200B7C6C8 /* DescriptionTableViewCell.xib in Resources */ = {isa = PBXBuildFile; fileRef = A74D9F921AF1EF8200B7C6C8 /* DescriptionTableViewCell.xib */; };
		A78542B41AEA0B0600DD1164 /* EventDetailViewController.swift in Sources */ = {isa = PBXBuildFile; fileRef = A78542B31AEA0B0600DD1164 /* EventDetailViewController.swift */; };
		A78542B91AEA0D2500DD1164 /* Beach.jpg in Resources */ = {isa = PBXBuildFile; fileRef = A78542B81AEA0D2500DD1164 /* Beach.jpg */; };
		A78542BB1AEA0F3B00DD1164 /* EventDetailViewController.xib in Resources */ = {isa = PBXBuildFile; fileRef = A78542BA1AEA0F3B00DD1164 /* EventDetailViewController.xib */; };
		A78AC73C1AF2A12200B10D46 /* UIView+Extension.swift in Sources */ = {isa = PBXBuildFile; fileRef = A78AC73B1AF2A12200B10D46 /* UIView+Extension.swift */; };
		A7BFC1341AE9FB5A00C19459 /* EventManagerModel.swift in Sources */ = {isa = PBXBuildFile; fileRef = A7BFC1331AE9FB5A00C19459 /* EventManagerModel.swift */; };
		B2446F431AE20967006C37F9 /* EventTableViewController.swift in Sources */ = {isa = PBXBuildFile; fileRef = B2446F411AE20967006C37F9 /* EventTableViewController.swift */; };
		B2446F461AE2098C006C37F9 /* EventTableViewController.xib in Resources */ = {isa = PBXBuildFile; fileRef = B2446F451AE2098C006C37F9 /* EventTableViewController.xib */; };
		B25560A01AE19A0900EBEE8B /* AppDelegate.swift in Sources */ = {isa = PBXBuildFile; fileRef = B255609F1AE19A0900EBEE8B /* AppDelegate.swift */; };
		B25560A71AE19A0900EBEE8B /* Images.xcassets in Resources */ = {isa = PBXBuildFile; fileRef = B25560A61AE19A0900EBEE8B /* Images.xcassets */; };
		B25560AA1AE19A0900EBEE8B /* LaunchScreen.xib in Resources */ = {isa = PBXBuildFile; fileRef = B25560A81AE19A0900EBEE8B /* LaunchScreen.xib */; };
		B25560B61AE19A0900EBEE8B /* UdderTests.swift in Sources */ = {isa = PBXBuildFile; fileRef = B25560B51AE19A0900EBEE8B /* UdderTests.swift */; };
		B25F15991AE19D4D00BE181B /* FacebookSDK.framework in Frameworks */ = {isa = PBXBuildFile; fileRef = B25F15931AE19D4D00BE181B /* FacebookSDK.framework */; };
		B25F159A1AE19D4D00BE181B /* FBAudienceNetwork.framework in Frameworks */ = {isa = PBXBuildFile; fileRef = B25F15941AE19D4D00BE181B /* FBAudienceNetwork.framework */; };
		B25F159B1AE19D4D00BE181B /* Parse.framework in Frameworks */ = {isa = PBXBuildFile; fileRef = B25F15951AE19D4D00BE181B /* Parse.framework */; };
		B25F159C1AE19D4D00BE181B /* ParseCrashReporting.framework in Frameworks */ = {isa = PBXBuildFile; fileRef = B25F15961AE19D4D00BE181B /* ParseCrashReporting.framework */; };
		B25F159D1AE19D4D00BE181B /* ParseFacebookUtils.framework in Frameworks */ = {isa = PBXBuildFile; fileRef = B25F15971AE19D4D00BE181B /* ParseFacebookUtils.framework */; };
		B25F159E1AE19D4D00BE181B /* ParseUI.framework in Frameworks */ = {isa = PBXBuildFile; fileRef = B25F15981AE19D4D00BE181B /* ParseUI.framework */; };
		B25F15A01AE19D5C00BE181B /* QuartzCore.framework in Frameworks */ = {isa = PBXBuildFile; fileRef = B25F159F1AE19D5C00BE181B /* QuartzCore.framework */; };
		B25F15A21AE19D6A00BE181B /* CFNetwork.framework in Frameworks */ = {isa = PBXBuildFile; fileRef = B25F15A11AE19D6A00BE181B /* CFNetwork.framework */; };
		B25F15A41AE19D7400BE181B /* CoreGraphics.framework in Frameworks */ = {isa = PBXBuildFile; fileRef = B25F15A31AE19D7400BE181B /* CoreGraphics.framework */; };
		B25F15A61AE19D7900BE181B /* CoreLocation.framework in Frameworks */ = {isa = PBXBuildFile; fileRef = B25F15A51AE19D7900BE181B /* CoreLocation.framework */; };
		B25F15A81AE19D7E00BE181B /* MobileCoreServices.framework in Frameworks */ = {isa = PBXBuildFile; fileRef = B25F15A71AE19D7E00BE181B /* MobileCoreServices.framework */; };
		B25F15AA1AE19DA500BE181B /* AudioToolbox.framework in Frameworks */ = {isa = PBXBuildFile; fileRef = B25F15A91AE19DA500BE181B /* AudioToolbox.framework */; };
		B25F15AC1AE19DB500BE181B /* libsqlite3.dylib in Frameworks */ = {isa = PBXBuildFile; fileRef = B25F15AB1AE19DB500BE181B /* libsqlite3.dylib */; };
		B25F15AE1AE19DDD00BE181B /* Social.framework in Frameworks */ = {isa = PBXBuildFile; fileRef = B25F15AD1AE19DDD00BE181B /* Social.framework */; };
		B25F15B01AE19DED00BE181B /* AVFoundation.framework in Frameworks */ = {isa = PBXBuildFile; fileRef = B25F15AF1AE19DED00BE181B /* AVFoundation.framework */; };
		B25F15B21AE19F0800BE181B /* SystemConfiguration.framework in Frameworks */ = {isa = PBXBuildFile; fileRef = B25F15B11AE19F0800BE181B /* SystemConfiguration.framework */; };
		B29CC9651AE1A6B40035213D /* libstdc++.6.0.9.dylib in Frameworks */ = {isa = PBXBuildFile; fileRef = B29CC9631AE1A6B40035213D /* libstdc++.6.0.9.dylib */; };
		B29CC9661AE1A6B40035213D /* libstdc++.dylib in Frameworks */ = {isa = PBXBuildFile; fileRef = B29CC9641AE1A6B40035213D /* libstdc++.dylib */; };
		B2BF29311AE9D32900D6714C /* EventTableViewCell.swift in Sources */ = {isa = PBXBuildFile; fileRef = B2BF292F1AE9D32900D6714C /* EventTableViewCell.swift */; };
		B2BF29341AE9D35B00D6714C /* EventTableViewCell.xib in Resources */ = {isa = PBXBuildFile; fileRef = B2BF29331AE9D35B00D6714C /* EventTableViewCell.xib */; };
		B2BF29371AE9D3E200D6714C /* BaseModel.swift in Sources */ = {isa = PBXBuildFile; fileRef = B2BF29361AE9D3E200D6714C /* BaseModel.swift */; };
		B2BF29391AE9D42000D6714C /* Constants.swift in Sources */ = {isa = PBXBuildFile; fileRef = B2BF29381AE9D42000D6714C /* Constants.swift */; };
		B2D5BB8F1AE1DDD40063126E /* SideMenuViewController.swift in Sources */ = {isa = PBXBuildFile; fileRef = B2D5BB8D1AE1DDD40063126E /* SideMenuViewController.swift */; };
		B2D5BB901AE1DDD40063126E /* ViewController.swift in Sources */ = {isa = PBXBuildFile; fileRef = B2D5BB8E1AE1DDD40063126E /* ViewController.swift */; };
		B2D5BB931AE1DDE00063126E /* SideMenuViewController.xib in Resources */ = {isa = PBXBuildFile; fileRef = B2D5BB911AE1DDE00063126E /* SideMenuViewController.xib */; };
		E10200E31AEA076B007A2F8F /* LoginViewController.swift in Sources */ = {isa = PBXBuildFile; fileRef = E10200E11AEA076B007A2F8F /* LoginViewController.swift */; };
		E12F8F7D1AEED40100EA0BBA /* ViewController.xib in Resources */ = {isa = PBXBuildFile; fileRef = E12F8F7B1AEED40100EA0BBA /* ViewController.xib */; };
		E12F8F7F1AEED69800EA0BBA /* LoginViewController.xib in Resources */ = {isa = PBXBuildFile; fileRef = E12F8F7E1AEED69800EA0BBA /* LoginViewController.xib */; };
		E17571631AEAD24100E92F07 /* MyEventsViewController.swift in Sources */ = {isa = PBXBuildFile; fileRef = E17571611AEAD24100E92F07 /* MyEventsViewController.swift */; };
		E17571671AEAD25900E92F07 /* UpcomingEventsViewController.swift in Sources */ = {isa = PBXBuildFile; fileRef = E17571651AEAD25900E92F07 /* UpcomingEventsViewController.swift */; };
		E175716B1AEAD27A00E92F07 /* EventsNearMeViewController.swift in Sources */ = {isa = PBXBuildFile; fileRef = E17571691AEAD27A00E92F07 /* EventsNearMeViewController.swift */; };
		E175716F1AEAD2CB00E92F07 /* PendingInvitationsViewController.swift in Sources */ = {isa = PBXBuildFile; fileRef = E175716D1AEAD2CB00E92F07 /* PendingInvitationsViewController.swift */; };
		E17571751AEAD31C00E92F07 /* EventsNearMeViewController.xib in Resources */ = {isa = PBXBuildFile; fileRef = E17571711AEAD31C00E92F07 /* EventsNearMeViewController.xib */; };
		E17571761AEAD31C00E92F07 /* MyEventsViewController.xib in Resources */ = {isa = PBXBuildFile; fileRef = E17571721AEAD31C00E92F07 /* MyEventsViewController.xib */; };
		E17571771AEAD31C00E92F07 /* PendingInvitationsViewController.xib in Resources */ = {isa = PBXBuildFile; fileRef = E17571731AEAD31C00E92F07 /* PendingInvitationsViewController.xib */; };
		E17571781AEAD31C00E92F07 /* UpcomingEventsViewController.xib in Resources */ = {isa = PBXBuildFile; fileRef = E17571741AEAD31C00E92F07 /* UpcomingEventsViewController.xib */; };
		E1D48FF01AEDC6B600490B41 /* background.jpg in Resources */ = {isa = PBXBuildFile; fileRef = E1D48FEE1AEDC6B600490B41 /* background.jpg */; };
		E1D48FF11AEDC6B600490B41 /* placeholder.png in Resources */ = {isa = PBXBuildFile; fileRef = E1D48FEF1AEDC6B600490B41 /* placeholder.png */; };
		E1D48FF61AEDC70400490B41 /* nav1.png in Resources */ = {isa = PBXBuildFile; fileRef = E1D48FF21AEDC70300490B41 /* nav1.png */; };
/* End PBXBuildFile section */

/* Begin PBXContainerItemProxy section */
		B25560B01AE19A0900EBEE8B /* PBXContainerItemProxy */ = {
			isa = PBXContainerItemProxy;
			containerPortal = B25560921AE19A0900EBEE8B /* Project object */;
			proxyType = 1;
			remoteGlobalIDString = B25560991AE19A0900EBEE8B;
			remoteInfo = Udder;
		};
/* End PBXContainerItemProxy section */

/* Begin PBXFileReference section */
		1757CA4C60A32A2C80BE1541 /* Pods-Udder.release.xcconfig */ = {isa = PBXFileReference; includeInIndex = 1; lastKnownFileType = text.xcconfig; name = "Pods-Udder.release.xcconfig"; path = "Pods/Target Support Files/Pods-Udder/Pods-Udder.release.xcconfig"; sourceTree = "<group>"; };
		A72068AB1AE9DFBD00037D06 /* EventModel.swift */ = {isa = PBXFileReference; fileEncoding = 4; lastKnownFileType = sourcecode.swift; name = EventModel.swift; path = Models/EventModel.swift; sourceTree = "<group>"; };
		A73027D21AF202D4009D2281 /* BaseProvider.swift */ = {isa = PBXFileReference; fileEncoding = 4; lastKnownFileType = sourcecode.swift; name = BaseProvider.swift; path = Providers/BaseProvider.swift; sourceTree = "<group>"; };
		A73027D41AF2045D009D2281 /* BaseEventProvider.swift */ = {isa = PBXFileReference; fileEncoding = 4; lastKnownFileType = sourcecode.swift; name = BaseEventProvider.swift; path = Providers/BaseEventProvider.swift; sourceTree = "<group>"; };
		A73027D61AF20557009D2281 /* EventDetailViewControllerProvider.swift */ = {isa = PBXFileReference; fileEncoding = 4; lastKnownFileType = sourcecode.swift; name = EventDetailViewControllerProvider.swift; path = Providers/EventDetailViewControllerProvider.swift; sourceTree = "<group>"; };
		A73027D81AF210A0009D2281 /* LocationTableViewCell.swift */ = {isa = PBXFileReference; fileEncoding = 4; lastKnownFileType = sourcecode.swift; name = LocationTableViewCell.swift; path = Cells/LocationTableViewCell.swift; sourceTree = "<group>"; };
		A73027DA1AF210B8009D2281 /* LocationTableViewCell.xib */ = {isa = PBXFileReference; fileEncoding = 4; lastKnownFileType = file.xib; name = LocationTableViewCell.xib; path = Views/LocationTableViewCell.xib; sourceTree = "<group>"; };
		A74D9F901AF1EF6000B7C6C8 /* DescriptionTableViewCell.swift */ = {isa = PBXFileReference; fileEncoding = 4; lastKnownFileType = sourcecode.swift; name = DescriptionTableViewCell.swift; path = Cells/DescriptionTableViewCell.swift; sourceTree = "<group>"; };
		A74D9F921AF1EF8200B7C6C8 /* DescriptionTableViewCell.xib */ = {isa = PBXFileReference; fileEncoding = 4; lastKnownFileType = file.xib; name = DescriptionTableViewCell.xib; path = Views/DescriptionTableViewCell.xib; sourceTree = "<group>"; };
		A78542B31AEA0B0600DD1164 /* EventDetailViewController.swift */ = {isa = PBXFileReference; fileEncoding = 4; lastKnownFileType = sourcecode.swift; name = EventDetailViewController.swift; path = ViewControllers/EventDetailViewController.swift; sourceTree = "<group>"; };
		A78542B81AEA0D2500DD1164 /* Beach.jpg */ = {isa = PBXFileReference; lastKnownFileType = image.jpeg; name = Beach.jpg; path = Images/Beach.jpg; sourceTree = "<group>"; };
		A78542BA1AEA0F3B00DD1164 /* EventDetailViewController.xib */ = {isa = PBXFileReference; fileEncoding = 4; lastKnownFileType = file.xib; name = EventDetailViewController.xib; path = Views/EventDetailViewController.xib; sourceTree = "<group>"; };
		A78AC73B1AF2A12200B10D46 /* UIView+Extension.swift */ = {isa = PBXFileReference; fileEncoding = 4; lastKnownFileType = sourcecode.swift; name = "UIView+Extension.swift"; path = "Utilities/UIView+Extension.swift"; sourceTree = "<group>"; };
		A7BFC1331AE9FB5A00C19459 /* EventManagerModel.swift */ = {isa = PBXFileReference; fileEncoding = 4; lastKnownFileType = sourcecode.swift; name = EventManagerModel.swift; path = Models/EventManagerModel.swift; sourceTree = "<group>"; };
		B2446F411AE20967006C37F9 /* EventTableViewController.swift */ = {isa = PBXFileReference; fileEncoding = 4; lastKnownFileType = sourcecode.swift; name = EventTableViewController.swift; path = ViewControllers/EventTableViewController.swift; sourceTree = "<group>"; };
		B2446F451AE2098C006C37F9 /* EventTableViewController.xib */ = {isa = PBXFileReference; fileEncoding = 4; lastKnownFileType = file.xib; name = EventTableViewController.xib; path = Views/EventTableViewController.xib; sourceTree = "<group>"; };
		B255609A1AE19A0900EBEE8B /* Udder.app */ = {isa = PBXFileReference; explicitFileType = wrapper.application; includeInIndex = 0; path = Udder.app; sourceTree = BUILT_PRODUCTS_DIR; };
		B255609E1AE19A0900EBEE8B /* Info.plist */ = {isa = PBXFileReference; lastKnownFileType = text.plist.xml; path = Info.plist; sourceTree = "<group>"; };
		B255609F1AE19A0900EBEE8B /* AppDelegate.swift */ = {isa = PBXFileReference; lastKnownFileType = sourcecode.swift; path = AppDelegate.swift; sourceTree = "<group>"; };
		B25560A61AE19A0900EBEE8B /* Images.xcassets */ = {isa = PBXFileReference; lastKnownFileType = folder.assetcatalog; path = Images.xcassets; sourceTree = "<group>"; };
		B25560A91AE19A0900EBEE8B /* Base */ = {isa = PBXFileReference; lastKnownFileType = file.xib; name = Base; path = Base.lproj/LaunchScreen.xib; sourceTree = "<group>"; };
		B25560AF1AE19A0900EBEE8B /* UdderTests.xctest */ = {isa = PBXFileReference; explicitFileType = wrapper.cfbundle; includeInIndex = 0; path = UdderTests.xctest; sourceTree = BUILT_PRODUCTS_DIR; };
		B25560B41AE19A0900EBEE8B /* Info.plist */ = {isa = PBXFileReference; lastKnownFileType = text.plist.xml; path = Info.plist; sourceTree = "<group>"; };
		B25560B51AE19A0900EBEE8B /* UdderTests.swift */ = {isa = PBXFileReference; lastKnownFileType = sourcecode.swift; path = UdderTests.swift; sourceTree = "<group>"; };
		B25F15931AE19D4D00BE181B /* FacebookSDK.framework */ = {isa = PBXFileReference; lastKnownFileType = wrapper.framework; path = FacebookSDK.framework; sourceTree = "<group>"; };
		B25F15941AE19D4D00BE181B /* FBAudienceNetwork.framework */ = {isa = PBXFileReference; lastKnownFileType = wrapper.framework; path = FBAudienceNetwork.framework; sourceTree = "<group>"; };
		B25F15951AE19D4D00BE181B /* Parse.framework */ = {isa = PBXFileReference; lastKnownFileType = wrapper.framework; path = Parse.framework; sourceTree = "<group>"; };
		B25F15961AE19D4D00BE181B /* ParseCrashReporting.framework */ = {isa = PBXFileReference; lastKnownFileType = wrapper.framework; path = ParseCrashReporting.framework; sourceTree = "<group>"; };
		B25F15971AE19D4D00BE181B /* ParseFacebookUtils.framework */ = {isa = PBXFileReference; lastKnownFileType = wrapper.framework; path = ParseFacebookUtils.framework; sourceTree = "<group>"; };
		B25F15981AE19D4D00BE181B /* ParseUI.framework */ = {isa = PBXFileReference; lastKnownFileType = wrapper.framework; path = ParseUI.framework; sourceTree = "<group>"; };
		B25F159F1AE19D5C00BE181B /* QuartzCore.framework */ = {isa = PBXFileReference; lastKnownFileType = wrapper.framework; name = QuartzCore.framework; path = System/Library/Frameworks/QuartzCore.framework; sourceTree = SDKROOT; };
		B25F15A11AE19D6A00BE181B /* CFNetwork.framework */ = {isa = PBXFileReference; lastKnownFileType = wrapper.framework; name = CFNetwork.framework; path = System/Library/Frameworks/CFNetwork.framework; sourceTree = SDKROOT; };
		B25F15A31AE19D7400BE181B /* CoreGraphics.framework */ = {isa = PBXFileReference; lastKnownFileType = wrapper.framework; name = CoreGraphics.framework; path = System/Library/Frameworks/CoreGraphics.framework; sourceTree = SDKROOT; };
		B25F15A51AE19D7900BE181B /* CoreLocation.framework */ = {isa = PBXFileReference; lastKnownFileType = wrapper.framework; name = CoreLocation.framework; path = System/Library/Frameworks/CoreLocation.framework; sourceTree = SDKROOT; };
		B25F15A71AE19D7E00BE181B /* MobileCoreServices.framework */ = {isa = PBXFileReference; lastKnownFileType = wrapper.framework; name = MobileCoreServices.framework; path = System/Library/Frameworks/MobileCoreServices.framework; sourceTree = SDKROOT; };
		B25F15A91AE19DA500BE181B /* AudioToolbox.framework */ = {isa = PBXFileReference; lastKnownFileType = wrapper.framework; name = AudioToolbox.framework; path = System/Library/Frameworks/AudioToolbox.framework; sourceTree = SDKROOT; };
		B25F15AB1AE19DB500BE181B /* libsqlite3.dylib */ = {isa = PBXFileReference; lastKnownFileType = "compiled.mach-o.dylib"; name = libsqlite3.dylib; path = usr/lib/libsqlite3.dylib; sourceTree = SDKROOT; };
		B25F15AD1AE19DDD00BE181B /* Social.framework */ = {isa = PBXFileReference; lastKnownFileType = wrapper.framework; name = Social.framework; path = System/Library/Frameworks/Social.framework; sourceTree = SDKROOT; };
		B25F15AF1AE19DED00BE181B /* AVFoundation.framework */ = {isa = PBXFileReference; lastKnownFileType = wrapper.framework; name = AVFoundation.framework; path = System/Library/Frameworks/AVFoundation.framework; sourceTree = SDKROOT; };
		B25F15B11AE19F0800BE181B /* SystemConfiguration.framework */ = {isa = PBXFileReference; lastKnownFileType = wrapper.framework; name = SystemConfiguration.framework; path = System/Library/Frameworks/SystemConfiguration.framework; sourceTree = SDKROOT; };
		B29CC9631AE1A6B40035213D /* libstdc++.6.0.9.dylib */ = {isa = PBXFileReference; lastKnownFileType = "compiled.mach-o.dylib"; name = "libstdc++.6.0.9.dylib"; path = "usr/lib/libstdc++.6.0.9.dylib"; sourceTree = SDKROOT; };
		B29CC9641AE1A6B40035213D /* libstdc++.dylib */ = {isa = PBXFileReference; lastKnownFileType = "compiled.mach-o.dylib"; name = "libstdc++.dylib"; path = "usr/lib/libstdc++.dylib"; sourceTree = SDKROOT; };
		B2AD19491AE1A25E0021DE33 /* UdderBridgingHeader.h */ = {isa = PBXFileReference; lastKnownFileType = sourcecode.c.h; path = UdderBridgingHeader.h; sourceTree = "<group>"; };
		B2BF292F1AE9D32900D6714C /* EventTableViewCell.swift */ = {isa = PBXFileReference; fileEncoding = 4; lastKnownFileType = sourcecode.swift; name = EventTableViewCell.swift; path = Cells/EventTableViewCell.swift; sourceTree = "<group>"; };
		B2BF29331AE9D35B00D6714C /* EventTableViewCell.xib */ = {isa = PBXFileReference; fileEncoding = 4; lastKnownFileType = file.xib; name = EventTableViewCell.xib; path = Views/EventTableViewCell.xib; sourceTree = "<group>"; };
		B2BF29361AE9D3E200D6714C /* BaseModel.swift */ = {isa = PBXFileReference; fileEncoding = 4; lastKnownFileType = sourcecode.swift; name = BaseModel.swift; path = Models/BaseModel.swift; sourceTree = "<group>"; };
		B2BF29381AE9D42000D6714C /* Constants.swift */ = {isa = PBXFileReference; fileEncoding = 4; lastKnownFileType = sourcecode.swift; path = Constants.swift; sourceTree = "<group>"; };
		B2D5BB8D1AE1DDD40063126E /* SideMenuViewController.swift */ = {isa = PBXFileReference; fileEncoding = 4; lastKnownFileType = sourcecode.swift; name = SideMenuViewController.swift; path = ViewControllers/SideMenuViewController.swift; sourceTree = "<group>"; };
		B2D5BB8E1AE1DDD40063126E /* ViewController.swift */ = {isa = PBXFileReference; fileEncoding = 4; lastKnownFileType = sourcecode.swift; name = ViewController.swift; path = ViewControllers/ViewController.swift; sourceTree = "<group>"; };
		B2D5BB911AE1DDE00063126E /* SideMenuViewController.xib */ = {isa = PBXFileReference; fileEncoding = 4; lastKnownFileType = file.xib; name = SideMenuViewController.xib; path = Views/SideMenuViewController.xib; sourceTree = "<group>"; };
		B3B33F21B4DA105929A47308 /* libPods-Udder.a */ = {isa = PBXFileReference; explicitFileType = archive.ar; includeInIndex = 0; path = "libPods-Udder.a"; sourceTree = BUILT_PRODUCTS_DIR; };
		C7502EDFD18E46DBF1E2F0C7 /* Pods-Udder.debug.xcconfig */ = {isa = PBXFileReference; includeInIndex = 1; lastKnownFileType = text.xcconfig; name = "Pods-Udder.debug.xcconfig"; path = "Pods/Target Support Files/Pods-Udder/Pods-Udder.debug.xcconfig"; sourceTree = "<group>"; };
		E10200E11AEA076B007A2F8F /* LoginViewController.swift */ = {isa = PBXFileReference; fileEncoding = 4; lastKnownFileType = sourcecode.swift; name = LoginViewController.swift; path = ViewControllers/LoginViewController.swift; sourceTree = "<group>"; };
		E12F8F7B1AEED40100EA0BBA /* ViewController.xib */ = {isa = PBXFileReference; fileEncoding = 4; lastKnownFileType = file.xib; name = ViewController.xib; path = Views/ViewController.xib; sourceTree = "<group>"; };
		E12F8F7E1AEED69800EA0BBA /* LoginViewController.xib */ = {isa = PBXFileReference; fileEncoding = 4; lastKnownFileType = file.xib; name = LoginViewController.xib; path = Views/LoginViewController.xib; sourceTree = "<group>"; };
		E17571611AEAD24100E92F07 /* MyEventsViewController.swift */ = {isa = PBXFileReference; fileEncoding = 4; lastKnownFileType = sourcecode.swift; name = MyEventsViewController.swift; path = ViewControllers/MyEventsViewController.swift; sourceTree = "<group>"; };
		E17571651AEAD25900E92F07 /* UpcomingEventsViewController.swift */ = {isa = PBXFileReference; fileEncoding = 4; lastKnownFileType = sourcecode.swift; name = UpcomingEventsViewController.swift; path = ViewControllers/UpcomingEventsViewController.swift; sourceTree = "<group>"; };
		E17571691AEAD27A00E92F07 /* EventsNearMeViewController.swift */ = {isa = PBXFileReference; fileEncoding = 4; lastKnownFileType = sourcecode.swift; name = EventsNearMeViewController.swift; path = ViewControllers/EventsNearMeViewController.swift; sourceTree = "<group>"; };
		E175716D1AEAD2CB00E92F07 /* PendingInvitationsViewController.swift */ = {isa = PBXFileReference; fileEncoding = 4; lastKnownFileType = sourcecode.swift; name = PendingInvitationsViewController.swift; path = ViewControllers/PendingInvitationsViewController.swift; sourceTree = "<group>"; };
		E17571711AEAD31C00E92F07 /* EventsNearMeViewController.xib */ = {isa = PBXFileReference; fileEncoding = 4; lastKnownFileType = file.xib; name = EventsNearMeViewController.xib; path = Views/EventsNearMeViewController.xib; sourceTree = "<group>"; };
		E17571721AEAD31C00E92F07 /* MyEventsViewController.xib */ = {isa = PBXFileReference; fileEncoding = 4; lastKnownFileType = file.xib; name = MyEventsViewController.xib; path = Views/MyEventsViewController.xib; sourceTree = "<group>"; };
		E17571731AEAD31C00E92F07 /* PendingInvitationsViewController.xib */ = {isa = PBXFileReference; fileEncoding = 4; lastKnownFileType = file.xib; name = PendingInvitationsViewController.xib; path = Views/PendingInvitationsViewController.xib; sourceTree = "<group>"; };
		E17571741AEAD31C00E92F07 /* UpcomingEventsViewController.xib */ = {isa = PBXFileReference; fileEncoding = 4; lastKnownFileType = file.xib; name = UpcomingEventsViewController.xib; path = Views/UpcomingEventsViewController.xib; sourceTree = "<group>"; };
		E1D48FEE1AEDC6B600490B41 /* background.jpg */ = {isa = PBXFileReference; lastKnownFileType = image.jpeg; path = background.jpg; sourceTree = "<group>"; };
		E1D48FEF1AEDC6B600490B41 /* placeholder.png */ = {isa = PBXFileReference; lastKnownFileType = image.png; path = placeholder.png; sourceTree = "<group>"; };
		E1D48FF21AEDC70300490B41 /* nav1.png */ = {isa = PBXFileReference; lastKnownFileType = image.png; path = nav1.png; sourceTree = "<group>"; };
/* End PBXFileReference section */

/* Begin PBXFrameworksBuildPhase section */
		B25560971AE19A0900EBEE8B /* Frameworks */ = {
			isa = PBXFrameworksBuildPhase;
			buildActionMask = 2147483647;
			files = (
				B29CC9651AE1A6B40035213D /* libstdc++.6.0.9.dylib in Frameworks */,
				B29CC9661AE1A6B40035213D /* libstdc++.dylib in Frameworks */,
				B25F15B21AE19F0800BE181B /* SystemConfiguration.framework in Frameworks */,
				B25F15B01AE19DED00BE181B /* AVFoundation.framework in Frameworks */,
				B25F15AE1AE19DDD00BE181B /* Social.framework in Frameworks */,
				B25F15AC1AE19DB500BE181B /* libsqlite3.dylib in Frameworks */,
				B25F15AA1AE19DA500BE181B /* AudioToolbox.framework in Frameworks */,
				B25F15A81AE19D7E00BE181B /* MobileCoreServices.framework in Frameworks */,
				B25F15A61AE19D7900BE181B /* CoreLocation.framework in Frameworks */,
				B25F15A41AE19D7400BE181B /* CoreGraphics.framework in Frameworks */,
				B25F15A21AE19D6A00BE181B /* CFNetwork.framework in Frameworks */,
				B25F15A01AE19D5C00BE181B /* QuartzCore.framework in Frameworks */,
				B25F15991AE19D4D00BE181B /* FacebookSDK.framework in Frameworks */,
				B25F159A1AE19D4D00BE181B /* FBAudienceNetwork.framework in Frameworks */,
				B25F159B1AE19D4D00BE181B /* Parse.framework in Frameworks */,
				B25F159C1AE19D4D00BE181B /* ParseCrashReporting.framework in Frameworks */,
				B25F159D1AE19D4D00BE181B /* ParseFacebookUtils.framework in Frameworks */,
				B25F159E1AE19D4D00BE181B /* ParseUI.framework in Frameworks */,
				9FD7F336EB61C7CC5ACBF799 /* libPods-Udder.a in Frameworks */,
			);
			runOnlyForDeploymentPostprocessing = 0;
		};
		B25560AC1AE19A0900EBEE8B /* Frameworks */ = {
			isa = PBXFrameworksBuildPhase;
			buildActionMask = 2147483647;
			files = (
			);
			runOnlyForDeploymentPostprocessing = 0;
		};
/* End PBXFrameworksBuildPhase section */

/* Begin PBXGroup section */
		2076E36EEDF9568A3E9DF7E1 /* Pods */ = {
			isa = PBXGroup;
			children = (
				C7502EDFD18E46DBF1E2F0C7 /* Pods-Udder.debug.xcconfig */,
				1757CA4C60A32A2C80BE1541 /* Pods-Udder.release.xcconfig */,
			);
			name = Pods;
			sourceTree = "<group>";
		};
		A73027D11AF202B2009D2281 /* Providers */ = {
			isa = PBXGroup;
			children = (
				A73027D21AF202D4009D2281 /* BaseProvider.swift */,
				A73027D41AF2045D009D2281 /* BaseEventProvider.swift */,
				A73027D61AF20557009D2281 /* EventDetailViewControllerProvider.swift */,
			);
			name = Providers;
			sourceTree = "<group>";
		};
		A78542B71AEA0D0B00DD1164 /* Images */ = {
			isa = PBXGroup;
			children = (
				A78542B81AEA0D2500DD1164 /* Beach.jpg */,
			);
			name = Images;
			sourceTree = "<group>";
		};
		A78AC73A1AF2A0EA00B10D46 /* Utilities */ = {
			isa = PBXGroup;
			children = (
				A78AC73B1AF2A12200B10D46 /* UIView+Extension.swift */,
			);
			name = Utilities;
			sourceTree = "<group>";
		};
		B25560911AE19A0900EBEE8B = {
			isa = PBXGroup;
			children = (
				B25F15B31AE19F2E00BE181B /* Frameworks */,
				B255609C1AE19A0900EBEE8B /* Udder */,
				B25560B21AE19A0900EBEE8B /* UdderTests */,
				B255609B1AE19A0900EBEE8B /* Products */,
				2076E36EEDF9568A3E9DF7E1 /* Pods */,
			);
			sourceTree = "<group>";
		};
		B255609B1AE19A0900EBEE8B /* Products */ = {
			isa = PBXGroup;
			children = (
				B255609A1AE19A0900EBEE8B /* Udder.app */,
				B25560AF1AE19A0900EBEE8B /* UdderTests.xctest */,
			);
			name = Products;
			sourceTree = "<group>";
		};
		B255609C1AE19A0900EBEE8B /* Udder */ = {
			isa = PBXGroup;
			children = (
				E1D48FF21AEDC70300490B41 /* nav1.png */,
				E1D48FEE1AEDC6B600490B41 /* background.jpg */,
				E1D48FEF1AEDC6B600490B41 /* placeholder.png */,
				B2AD19491AE1A25E0021DE33 /* UdderBridgingHeader.h */,
				B2BF29381AE9D42000D6714C /* Constants.swift */,
				B255609F1AE19A0900EBEE8B /* AppDelegate.swift */,
				A78542B71AEA0D0B00DD1164 /* Images */,
				B2BF29351AE9D38200D6714C /* Models */,
				B2BF292E1AE9D2C000D6714C /* Cells */,
				A73027D11AF202B2009D2281 /* Providers */,
				A78AC73A1AF2A0EA00B10D46 /* Utilities */,
				B2D5BB8C1AE1DDC80063126E /* ViewControllers */,
				B2D5BB8B1AE1DDC20063126E /* Views */,
				B25560A61AE19A0900EBEE8B /* Images.xcassets */,
				B25560A81AE19A0900EBEE8B /* LaunchScreen.xib */,
				B255609D1AE19A0900EBEE8B /* Supporting Files */,
			);
			path = Udder;
			sourceTree = "<group>";
		};
		B255609D1AE19A0900EBEE8B /* Supporting Files */ = {
			isa = PBXGroup;
			children = (
				B255609E1AE19A0900EBEE8B /* Info.plist */,
			);
			name = "Supporting Files";
			sourceTree = "<group>";
		};
		B25560B21AE19A0900EBEE8B /* UdderTests */ = {
			isa = PBXGroup;
			children = (
				B25560B51AE19A0900EBEE8B /* UdderTests.swift */,
				B25560B31AE19A0900EBEE8B /* Supporting Files */,
			);
			path = UdderTests;
			sourceTree = "<group>";
		};
		B25560B31AE19A0900EBEE8B /* Supporting Files */ = {
			isa = PBXGroup;
			children = (
				B25560B41AE19A0900EBEE8B /* Info.plist */,
			);
			name = "Supporting Files";
			sourceTree = "<group>";
		};
		B25F15B31AE19F2E00BE181B /* Frameworks */ = {
			isa = PBXGroup;
			children = (
				B29CC9631AE1A6B40035213D /* libstdc++.6.0.9.dylib */,
				B29CC9641AE1A6B40035213D /* libstdc++.dylib */,
				B25F15B11AE19F0800BE181B /* SystemConfiguration.framework */,
				B25F15AF1AE19DED00BE181B /* AVFoundation.framework */,
				B25F15AD1AE19DDD00BE181B /* Social.framework */,
				B25F15AB1AE19DB500BE181B /* libsqlite3.dylib */,
				B25F15A91AE19DA500BE181B /* AudioToolbox.framework */,
				B25F15A71AE19D7E00BE181B /* MobileCoreServices.framework */,
				B25F15A51AE19D7900BE181B /* CoreLocation.framework */,
				B25F15A31AE19D7400BE181B /* CoreGraphics.framework */,
				B25F15A11AE19D6A00BE181B /* CFNetwork.framework */,
				B25F159F1AE19D5C00BE181B /* QuartzCore.framework */,
				B25F15931AE19D4D00BE181B /* FacebookSDK.framework */,
				B25F15941AE19D4D00BE181B /* FBAudienceNetwork.framework */,
				B25F15951AE19D4D00BE181B /* Parse.framework */,
				B25F15961AE19D4D00BE181B /* ParseCrashReporting.framework */,
				B25F15971AE19D4D00BE181B /* ParseFacebookUtils.framework */,
				B25F15981AE19D4D00BE181B /* ParseUI.framework */,
				B3B33F21B4DA105929A47308 /* libPods-Udder.a */,
			);
			name = Frameworks;
			sourceTree = "<group>";
		};
		B2BF292E1AE9D2C000D6714C /* Cells */ = {
			isa = PBXGroup;
			children = (
				B2BF292F1AE9D32900D6714C /* EventTableViewCell.swift */,
				A74D9F901AF1EF6000B7C6C8 /* DescriptionTableViewCell.swift */,
				A73027D81AF210A0009D2281 /* LocationTableViewCell.swift */,
			);
			name = Cells;
			sourceTree = "<group>";
		};
		B2BF29351AE9D38200D6714C /* Models */ = {
			isa = PBXGroup;
			children = (
				B2BF29361AE9D3E200D6714C /* BaseModel.swift */,
				A72068AB1AE9DFBD00037D06 /* EventModel.swift */,
				A7BFC1331AE9FB5A00C19459 /* EventManagerModel.swift */,
			);
			name = Models;
			sourceTree = "<group>";
		};
		B2D5BB8B1AE1DDC20063126E /* Views */ = {
			isa = PBXGroup;
			children = (
				E12F8F7E1AEED69800EA0BBA /* LoginViewController.xib */,
				E12F8F7B1AEED40100EA0BBA /* ViewController.xib */,
				E17571711AEAD31C00E92F07 /* EventsNearMeViewController.xib */,
				E17571721AEAD31C00E92F07 /* MyEventsViewController.xib */,
				E17571731AEAD31C00E92F07 /* PendingInvitationsViewController.xib */,
				E17571741AEAD31C00E92F07 /* UpcomingEventsViewController.xib */,
				A74D9F921AF1EF8200B7C6C8 /* DescriptionTableViewCell.xib */,
				A78542BA1AEA0F3B00DD1164 /* EventDetailViewController.xib */,
				B2BF29331AE9D35B00D6714C /* EventTableViewCell.xib */,
				B2446F451AE2098C006C37F9 /* EventTableViewController.xib */,
				B2D5BB911AE1DDE00063126E /* SideMenuViewController.xib */,
				A73027DA1AF210B8009D2281 /* LocationTableViewCell.xib */,
			);
			name = Views;
			sourceTree = "<group>";
		};
		B2D5BB8C1AE1DDC80063126E /* ViewControllers */ = {
			isa = PBXGroup;
			children = (
				A78542B31AEA0B0600DD1164 /* EventDetailViewController.swift */,
				B2D5BB8D1AE1DDD40063126E /* SideMenuViewController.swift */,
				B2D5BB8E1AE1DDD40063126E /* ViewController.swift */,
				B2446F411AE20967006C37F9 /* EventTableViewController.swift */,
				E10200E11AEA076B007A2F8F /* LoginViewController.swift */,
				E17571611AEAD24100E92F07 /* MyEventsViewController.swift */,
				E17571651AEAD25900E92F07 /* UpcomingEventsViewController.swift */,
				E17571691AEAD27A00E92F07 /* EventsNearMeViewController.swift */,
				E175716D1AEAD2CB00E92F07 /* PendingInvitationsViewController.swift */,
			);
			name = ViewControllers;
			sourceTree = "<group>";
		};
/* End PBXGroup section */

/* Begin PBXNativeTarget section */
		B25560991AE19A0900EBEE8B /* Udder */ = {
			isa = PBXNativeTarget;
			buildConfigurationList = B25560B91AE19A0900EBEE8B /* Build configuration list for PBXNativeTarget "Udder" */;
			buildPhases = (
				A94C10CB7DC47FF52A7AA841 /* Check Pods Manifest.lock */,
				B25560961AE19A0900EBEE8B /* Sources */,
				B25560971AE19A0900EBEE8B /* Frameworks */,
				B25560981AE19A0900EBEE8B /* Resources */,
				6ECDDE84E2844588B09E692D /* Copy Pods Resources */,
			);
			buildRules = (
			);
			dependencies = (
			);
			name = Udder;
			productName = Udder;
			productReference = B255609A1AE19A0900EBEE8B /* Udder.app */;
			productType = "com.apple.product-type.application";
		};
		B25560AE1AE19A0900EBEE8B /* UdderTests */ = {
			isa = PBXNativeTarget;
			buildConfigurationList = B25560BC1AE19A0900EBEE8B /* Build configuration list for PBXNativeTarget "UdderTests" */;
			buildPhases = (
				B25560AB1AE19A0900EBEE8B /* Sources */,
				B25560AC1AE19A0900EBEE8B /* Frameworks */,
				B25560AD1AE19A0900EBEE8B /* Resources */,
			);
			buildRules = (
			);
			dependencies = (
				B25560B11AE19A0900EBEE8B /* PBXTargetDependency */,
			);
			name = UdderTests;
			productName = UdderTests;
			productReference = B25560AF1AE19A0900EBEE8B /* UdderTests.xctest */;
			productType = "com.apple.product-type.bundle.unit-test";
		};
/* End PBXNativeTarget section */

/* Begin PBXProject section */
		B25560921AE19A0900EBEE8B /* Project object */ = {
			isa = PBXProject;
			attributes = {
				LastUpgradeCheck = 0630;
				ORGANIZATIONNAME = UCLA;
				TargetAttributes = {
					B25560991AE19A0900EBEE8B = {
						CreatedOnToolsVersion = 6.3;
					};
					B25560AE1AE19A0900EBEE8B = {
						CreatedOnToolsVersion = 6.3;
						TestTargetID = B25560991AE19A0900EBEE8B;
					};
				};
			};
			buildConfigurationList = B25560951AE19A0900EBEE8B /* Build configuration list for PBXProject "Udder" */;
			compatibilityVersion = "Xcode 3.2";
			developmentRegion = English;
			hasScannedForEncodings = 0;
			knownRegions = (
				en,
				Base,
			);
			mainGroup = B25560911AE19A0900EBEE8B;
			productRefGroup = B255609B1AE19A0900EBEE8B /* Products */;
			projectDirPath = "";
			projectRoot = "";
			targets = (
				B25560991AE19A0900EBEE8B /* Udder */,
				B25560AE1AE19A0900EBEE8B /* UdderTests */,
			);
		};
/* End PBXProject section */

/* Begin PBXResourcesBuildPhase section */
		B25560981AE19A0900EBEE8B /* Resources */ = {
			isa = PBXResourcesBuildPhase;
			buildActionMask = 2147483647;
			files = (
				B2BF29341AE9D35B00D6714C /* EventTableViewCell.xib in Resources */,
				E1D48FF11AEDC6B600490B41 /* placeholder.png in Resources */,
				A73027DB1AF210B8009D2281 /* LocationTableViewCell.xib in Resources */,
				B2446F461AE2098C006C37F9 /* EventTableViewController.xib in Resources */,
				A78542BB1AEA0F3B00DD1164 /* EventDetailViewController.xib in Resources */,
				B25560AA1AE19A0900EBEE8B /* LaunchScreen.xib in Resources */,
				A78542B91AEA0D2500DD1164 /* Beach.jpg in Resources */,
				A74D9F931AF1EF8200B7C6C8 /* DescriptionTableViewCell.xib in Resources */,
				B25560A71AE19A0900EBEE8B /* Images.xcassets in Resources */,
				E17571751AEAD31C00E92F07 /* EventsNearMeViewController.xib in Resources */,
				E17571771AEAD31C00E92F07 /* PendingInvitationsViewController.xib in Resources */,
				E1D48FF61AEDC70400490B41 /* nav1.png in Resources */,
				E12F8F7D1AEED40100EA0BBA /* ViewController.xib in Resources */,
				B2D5BB931AE1DDE00063126E /* SideMenuViewController.xib in Resources */,
				E17571781AEAD31C00E92F07 /* UpcomingEventsViewController.xib in Resources */,
				E1D48FF01AEDC6B600490B41 /* background.jpg in Resources */,
				E12F8F7F1AEED69800EA0BBA /* LoginViewController.xib in Resources */,
				E17571761AEAD31C00E92F07 /* MyEventsViewController.xib in Resources */,
			);
			runOnlyForDeploymentPostprocessing = 0;
		};
		B25560AD1AE19A0900EBEE8B /* Resources */ = {
			isa = PBXResourcesBuildPhase;
			buildActionMask = 2147483647;
			files = (
			);
			runOnlyForDeploymentPostprocessing = 0;
		};
/* End PBXResourcesBuildPhase section */

/* Begin PBXShellScriptBuildPhase section */
		6ECDDE84E2844588B09E692D /* Copy Pods Resources */ = {
			isa = PBXShellScriptBuildPhase;
			buildActionMask = 2147483647;
			files = (
			);
			inputPaths = (
			);
			name = "Copy Pods Resources";
			outputPaths = (
			);
			runOnlyForDeploymentPostprocessing = 0;
			shellPath = /bin/sh;
			shellScript = "\"${SRCROOT}/Pods/Target Support Files/Pods-Udder/Pods-Udder-resources.sh\"\n";
			showEnvVarsInLog = 0;
		};
		A94C10CB7DC47FF52A7AA841 /* Check Pods Manifest.lock */ = {
			isa = PBXShellScriptBuildPhase;
			buildActionMask = 2147483647;
			files = (
			);
			inputPaths = (
			);
			name = "Check Pods Manifest.lock";
			outputPaths = (
			);
			runOnlyForDeploymentPostprocessing = 0;
			shellPath = /bin/sh;
			shellScript = "diff \"${PODS_ROOT}/../Podfile.lock\" \"${PODS_ROOT}/Manifest.lock\" > /dev/null\nif [[ $? != 0 ]] ; then\n    cat << EOM\nerror: The sandbox is not in sync with the Podfile.lock. Run 'pod install' or update your CocoaPods installation.\nEOM\n    exit 1\nfi\n";
			showEnvVarsInLog = 0;
		};
/* End PBXShellScriptBuildPhase section */

/* Begin PBXSourcesBuildPhase section */
		B25560961AE19A0900EBEE8B /* Sources */ = {
			isa = PBXSourcesBuildPhase;
			buildActionMask = 2147483647;
			files = (
				B2BF29371AE9D3E200D6714C /* BaseModel.swift in Sources */,
				E175716F1AEAD2CB00E92F07 /* PendingInvitationsViewController.swift in Sources */,
				B2D5BB901AE1DDD40063126E /* ViewController.swift in Sources */,
				A74D9F911AF1EF6000B7C6C8 /* DescriptionTableViewCell.swift in Sources */,
				A73027D51AF2045D009D2281 /* BaseEventProvider.swift in Sources */,
				B2D5BB8F1AE1DDD40063126E /* SideMenuViewController.swift in Sources */,
				A73027D91AF210A0009D2281 /* LocationTableViewCell.swift in Sources */,
				A78AC73C1AF2A12200B10D46 /* UIView+Extension.swift in Sources */,
				A73027D31AF202D4009D2281 /* BaseProvider.swift in Sources */,
				E175716B1AEAD27A00E92F07 /* EventsNearMeViewController.swift in Sources */,
				A7BFC1341AE9FB5A00C19459 /* EventManagerModel.swift in Sources */,
				B2446F431AE20967006C37F9 /* EventTableViewController.swift in Sources */,
				E10200E31AEA076B007A2F8F /* LoginViewController.swift in Sources */,
				B2BF29391AE9D42000D6714C /* Constants.swift in Sources */,
				E17571671AEAD25900E92F07 /* UpcomingEventsViewController.swift in Sources */,
				A78542B41AEA0B0600DD1164 /* EventDetailViewController.swift in Sources */,
				B2BF29311AE9D32900D6714C /* EventTableViewCell.swift in Sources */,
				A72068AC1AE9DFBD00037D06 /* EventModel.swift in Sources */,
				B25560A01AE19A0900EBEE8B /* AppDelegate.swift in Sources */,
				E17571631AEAD24100E92F07 /* MyEventsViewController.swift in Sources */,
				A73027D71AF20557009D2281 /* EventDetailViewControllerProvider.swift in Sources */,
			);
			runOnlyForDeploymentPostprocessing = 0;
		};
		B25560AB1AE19A0900EBEE8B /* Sources */ = {
			isa = PBXSourcesBuildPhase;
			buildActionMask = 2147483647;
			files = (
				B25560B61AE19A0900EBEE8B /* UdderTests.swift in Sources */,
			);
			runOnlyForDeploymentPostprocessing = 0;
		};
/* End PBXSourcesBuildPhase section */

/* Begin PBXTargetDependency section */
		B25560B11AE19A0900EBEE8B /* PBXTargetDependency */ = {
			isa = PBXTargetDependency;
			target = B25560991AE19A0900EBEE8B /* Udder */;
			targetProxy = B25560B01AE19A0900EBEE8B /* PBXContainerItemProxy */;
		};
/* End PBXTargetDependency section */

/* Begin PBXVariantGroup section */
		B25560A81AE19A0900EBEE8B /* LaunchScreen.xib */ = {
			isa = PBXVariantGroup;
			children = (
				B25560A91AE19A0900EBEE8B /* Base */,
			);
			name = LaunchScreen.xib;
			sourceTree = "<group>";
		};
/* End PBXVariantGroup section */

/* Begin XCBuildConfiguration section */
		B25560B71AE19A0900EBEE8B /* Debug */ = {
			isa = XCBuildConfiguration;
			buildSettings = {
				ALWAYS_SEARCH_USER_PATHS = NO;
				CLANG_CXX_LANGUAGE_STANDARD = "gnu++0x";
				CLANG_CXX_LIBRARY = "libc++";
				CLANG_ENABLE_MODULES = YES;
				CLANG_ENABLE_OBJC_ARC = YES;
				CLANG_WARN_BOOL_CONVERSION = YES;
				CLANG_WARN_CONSTANT_CONVERSION = YES;
				CLANG_WARN_DIRECT_OBJC_ISA_USAGE = YES_ERROR;
				CLANG_WARN_EMPTY_BODY = YES;
				CLANG_WARN_ENUM_CONVERSION = YES;
				CLANG_WARN_INT_CONVERSION = YES;
				CLANG_WARN_OBJC_ROOT_CLASS = YES_ERROR;
				CLANG_WARN_UNREACHABLE_CODE = YES;
				CLANG_WARN__DUPLICATE_METHOD_MATCH = YES;
				"CODE_SIGN_IDENTITY[sdk=iphoneos*]" = "iPhone Developer";
				COPY_PHASE_STRIP = NO;
				DEBUG_INFORMATION_FORMAT = "dwarf-with-dsym";
				ENABLE_STRICT_OBJC_MSGSEND = YES;
				GCC_C_LANGUAGE_STANDARD = gnu99;
				GCC_DYNAMIC_NO_PIC = NO;
				GCC_NO_COMMON_BLOCKS = YES;
				GCC_OPTIMIZATION_LEVEL = 0;
				GCC_PREPROCESSOR_DEFINITIONS = (
					"DEBUG=1",
					"$(inherited)",
				);
				GCC_SYMBOLS_PRIVATE_EXTERN = NO;
				GCC_WARN_64_TO_32_BIT_CONVERSION = YES;
				GCC_WARN_ABOUT_RETURN_TYPE = YES_ERROR;
				GCC_WARN_UNDECLARED_SELECTOR = YES;
				GCC_WARN_UNINITIALIZED_AUTOS = YES_AGGRESSIVE;
				GCC_WARN_UNUSED_FUNCTION = YES;
				GCC_WARN_UNUSED_VARIABLE = YES;
				IPHONEOS_DEPLOYMENT_TARGET = 8.3;
				MTL_ENABLE_DEBUG_INFO = YES;
				ONLY_ACTIVE_ARCH = YES;
				SDKROOT = iphoneos;
				SWIFT_OPTIMIZATION_LEVEL = "-Onone";
			};
			name = Debug;
		};
		B25560B81AE19A0900EBEE8B /* Release */ = {
			isa = XCBuildConfiguration;
			buildSettings = {
				ALWAYS_SEARCH_USER_PATHS = NO;
				CLANG_CXX_LANGUAGE_STANDARD = "gnu++0x";
				CLANG_CXX_LIBRARY = "libc++";
				CLANG_ENABLE_MODULES = YES;
				CLANG_ENABLE_OBJC_ARC = YES;
				CLANG_WARN_BOOL_CONVERSION = YES;
				CLANG_WARN_CONSTANT_CONVERSION = YES;
				CLANG_WARN_DIRECT_OBJC_ISA_USAGE = YES_ERROR;
				CLANG_WARN_EMPTY_BODY = YES;
				CLANG_WARN_ENUM_CONVERSION = YES;
				CLANG_WARN_INT_CONVERSION = YES;
				CLANG_WARN_OBJC_ROOT_CLASS = YES_ERROR;
				CLANG_WARN_UNREACHABLE_CODE = YES;
				CLANG_WARN__DUPLICATE_METHOD_MATCH = YES;
				"CODE_SIGN_IDENTITY[sdk=iphoneos*]" = "iPhone Developer";
				COPY_PHASE_STRIP = NO;
				DEBUG_INFORMATION_FORMAT = "dwarf-with-dsym";
				ENABLE_NS_ASSERTIONS = NO;
				ENABLE_STRICT_OBJC_MSGSEND = YES;
				GCC_C_LANGUAGE_STANDARD = gnu99;
				GCC_NO_COMMON_BLOCKS = YES;
				GCC_WARN_64_TO_32_BIT_CONVERSION = YES;
				GCC_WARN_ABOUT_RETURN_TYPE = YES_ERROR;
				GCC_WARN_UNDECLARED_SELECTOR = YES;
				GCC_WARN_UNINITIALIZED_AUTOS = YES_AGGRESSIVE;
				GCC_WARN_UNUSED_FUNCTION = YES;
				GCC_WARN_UNUSED_VARIABLE = YES;
				IPHONEOS_DEPLOYMENT_TARGET = 8.3;
				MTL_ENABLE_DEBUG_INFO = NO;
				SDKROOT = iphoneos;
				VALIDATE_PRODUCT = YES;
			};
			name = Release;
		};
		B25560BA1AE19A0900EBEE8B /* Debug */ = {
			isa = XCBuildConfiguration;
			baseConfigurationReference = C7502EDFD18E46DBF1E2F0C7 /* Pods-Udder.debug.xcconfig */;
			buildSettings = {
				ASSETCATALOG_COMPILER_APPICON_NAME = AppIcon;
				FRAMEWORK_SEARCH_PATHS = (
					"$(inherited)",
					"$(PROJECT_DIR)",
				);
				HEADER_SEARCH_PATHS = (
					"$(inherited)",
					"\"${PODS_ROOT}/Headers/Public\"",
					"\"${PODS_ROOT}/Headers/Public/MFSideMenu\"",
				);
				INFOPLIST_FILE = Udder/Info.plist;
				IPHONEOS_DEPLOYMENT_TARGET = 8.0;
				LD_RUNPATH_SEARCH_PATHS = "$(inherited) @executable_path/Frameworks";
				PRODUCT_NAME = "$(TARGET_NAME)";
				SWIFT_OBJC_BRIDGING_HEADER = "$(PROJECT_DIR)/Udder/UdderBridgingHeader.h";
			};
			name = Debug;
		};
		B25560BB1AE19A0900EBEE8B /* Release */ = {
			isa = XCBuildConfiguration;
			baseConfigurationReference = 1757CA4C60A32A2C80BE1541 /* Pods-Udder.release.xcconfig */;
			buildSettings = {
				ASSETCATALOG_COMPILER_APPICON_NAME = AppIcon;
				FRAMEWORK_SEARCH_PATHS = (
					"$(inherited)",
					"$(PROJECT_DIR)",
				);
				HEADER_SEARCH_PATHS = (
					"$(inherited)",
					"\"${PODS_ROOT}/Headers/Public\"",
					"\"${PODS_ROOT}/Headers/Public/MFSideMenu\"",
				);
				INFOPLIST_FILE = Udder/Info.plist;
				IPHONEOS_DEPLOYMENT_TARGET = 8.0;
				LD_RUNPATH_SEARCH_PATHS = "$(inherited) @executable_path/Frameworks";
				PRODUCT_NAME = "$(TARGET_NAME)";
				SWIFT_OBJC_BRIDGING_HEADER = "$(PROJECT_DIR)/Udder/UdderBridgingHeader.h";
			};
			name = Release;
		};
		B25560BD1AE19A0900EBEE8B /* Debug */ = {
			isa = XCBuildConfiguration;
			buildSettings = {
				BUNDLE_LOADER = "$(TEST_HOST)";
				FRAMEWORK_SEARCH_PATHS = (
					"$(SDKROOT)/Developer/Library/Frameworks",
					"$(inherited)",
				);
				GCC_PREPROCESSOR_DEFINITIONS = (
					"DEBUG=1",
					"$(inherited)",
				);
				INFOPLIST_FILE = UdderTests/Info.plist;
				LD_RUNPATH_SEARCH_PATHS = "$(inherited) @executable_path/Frameworks @loader_path/Frameworks";
				PRODUCT_NAME = "$(TARGET_NAME)";
				TEST_HOST = "$(BUILT_PRODUCTS_DIR)/Udder.app/Udder";
			};
			name = Debug;
		};
		B25560BE1AE19A0900EBEE8B /* Release */ = {
			isa = XCBuildConfiguration;
			buildSettings = {
				BUNDLE_LOADER = "$(TEST_HOST)";
				FRAMEWORK_SEARCH_PATHS = (
					"$(SDKROOT)/Developer/Library/Frameworks",
					"$(inherited)",
				);
				INFOPLIST_FILE = UdderTests/Info.plist;
				LD_RUNPATH_SEARCH_PATHS = "$(inherited) @executable_path/Frameworks @loader_path/Frameworks";
				PRODUCT_NAME = "$(TARGET_NAME)";
				TEST_HOST = "$(BUILT_PRODUCTS_DIR)/Udder.app/Udder";
			};
			name = Release;
		};
/* End XCBuildConfiguration section */

/* Begin XCConfigurationList section */
		B25560951AE19A0900EBEE8B /* Build configuration list for PBXProject "Udder" */ = {
			isa = XCConfigurationList;
			buildConfigurations = (
				B25560B71AE19A0900EBEE8B /* Debug */,
				B25560B81AE19A0900EBEE8B /* Release */,
			);
			defaultConfigurationIsVisible = 0;
			defaultConfigurationName = Release;
		};
		B25560B91AE19A0900EBEE8B /* Build configuration list for PBXNativeTarget "Udder" */ = {
			isa = XCConfigurationList;
			buildConfigurations = (
				B25560BA1AE19A0900EBEE8B /* Debug */,
				B25560BB1AE19A0900EBEE8B /* Release */,
			);
			defaultConfigurationIsVisible = 0;
			defaultConfigurationName = Release;
		};
		B25560BC1AE19A0900EBEE8B /* Build configuration list for PBXNativeTarget "UdderTests" */ = {
			isa = XCConfigurationList;
			buildConfigurations = (
				B25560BD1AE19A0900EBEE8B /* Debug */,
				B25560BE1AE19A0900EBEE8B /* Release */,
			);
			defaultConfigurationIsVisible = 0;
			defaultConfigurationName = Release;
		};
/* End XCConfigurationList section */
	};
	rootObject = B25560921AE19A0900EBEE8B /* Project object */;
}
